// !$*UTF8*$!
{
	archiveVersion = 1;
	classes = {
	};
	objectVersion = 45;
	objects = {

/* Begin PBXBuildFile section */
		1DDD582C0DA1D0D100B32029 /* BrowserWindow.xib in Resources */ = {isa = PBXBuildFile; fileRef = 1DDD58280DA1D0D100B32029 /* BrowserWindow.xib */; };
		1DDD582D0DA1D0D100B32029 /* MainMenu.xib in Resources */ = {isa = PBXBuildFile; fileRef = 1DDD582A0DA1D0D100B32029 /* MainMenu.xib */; };
		240718A50ED3FF7500D542F0 /* titanium.icns in Resources */ = {isa = PBXBuildFile; fileRef = 240718A40ED3FF7500D542F0 /* titanium.icns */; };
		24071C160ED633DF00D542F0 /* secondary.html in Resources */ = {isa = PBXBuildFile; fileRef = 24071C150ED633DF00D542F0 /* secondary.html */; };
		240721920ED907AC00D542F0 /* test_db.html in Resources */ = {isa = PBXBuildFile; fileRef = 240721910ED907AC00D542F0 /* test_db.html */; };
		2433DDD50ED0FFA100813747 /* TiThemeFrame.m in Sources */ = {isa = PBXBuildFile; fileRef = 2433DDD40ED0FFA100813747 /* TiThemeFrame.m */; };
		2433DDDA0ED0FFBE00813747 /* TiBrowserWindowController.m in Sources */ = {isa = PBXBuildFile; fileRef = 2433DDD70ED0FFBE00813747 /* TiBrowserWindowController.m */; };
		2433DDDB0ED0FFBE00813747 /* TiJavaScriptPromptWindowController.m in Sources */ = {isa = PBXBuildFile; fileRef = 2433DDD90ED0FFBE00813747 /* TiJavaScriptPromptWindowController.m */; };
		2433DDE20ED0FFE300813747 /* TiObject.m in Sources */ = {isa = PBXBuildFile; fileRef = 2433DDDD0ED0FFE300813747 /* TiObject.m */; };
		2433DDE30ED0FFE300813747 /* TiSystemMenu.m in Sources */ = {isa = PBXBuildFile; fileRef = 2433DDDF0ED0FFE300813747 /* TiSystemMenu.m */; };
		2433DDE40ED0FFE300813747 /* TiUserWindow.m in Sources */ = {isa = PBXBuildFile; fileRef = 2433DDE10ED0FFE300813747 /* TiUserWindow.m */; };
		2433DDF00ED1002400813747 /* TiAppDelegate.m in Sources */ = {isa = PBXBuildFile; fileRef = 2433DDE70ED1002400813747 /* TiAppDelegate.m */; };
		2433DDF10ED1002400813747 /* TiBrowserDocument.m in Sources */ = {isa = PBXBuildFile; fileRef = 2433DDE90ED1002400813747 /* TiBrowserDocument.m */; };
		2433DDF20ED1002400813747 /* TiBrowserWindow.m in Sources */ = {isa = PBXBuildFile; fileRef = 2433DDEB0ED1002400813747 /* TiBrowserWindow.m */; };
		2433DDF30ED1002400813747 /* TiMenuAction.m in Sources */ = {isa = PBXBuildFile; fileRef = 2433DDED0ED1002400813747 /* TiMenuAction.m */; };
		2433DDF40ED1002400813747 /* TiProtocol.m in Sources */ = {isa = PBXBuildFile; fileRef = 2433DDEF0ED1002400813747 /* TiProtocol.m */; };
		2433DDF70ED1003100813747 /* TiPreferencesWindowController.m in Sources */ = {isa = PBXBuildFile; fileRef = 2433DDF60ED1003100813747 /* TiPreferencesWindowController.m */; };
		2433DE200ED102DB00813747 /* TiApp.m in Sources */ = {isa = PBXBuildFile; fileRef = 2433DE1B0ED102DB00813747 /* TiApp.m */; };
		2433DE210ED102DB00813747 /* TiSystemDock.m in Sources */ = {isa = PBXBuildFile; fileRef = 2433DE1D0ED102DB00813747 /* TiSystemDock.m */; };
		2433DE220ED102DB00813747 /* TiUserMenu.m in Sources */ = {isa = PBXBuildFile; fileRef = 2433DE1F0ED102DB00813747 /* TiUserMenu.m */; };
		2433DF6D0ED1122000813747 /* TiWindowOptions.m in Sources */ = {isa = PBXBuildFile; fileRef = 2433DF6C0ED1122000813747 /* TiWindowOptions.m */; };
		24DA9C0C0ED15E9000DECFFC /* favicon.ico in Resources */ = {isa = PBXBuildFile; fileRef = 24DA9C0B0ED15E9000DECFFC /* favicon.ico */; };
		24F95FBF0ED2836D002065FC /* TiSplashScreen.m in Sources */ = {isa = PBXBuildFile; fileRef = 24F95FBE0ED2836D002065FC /* TiSplashScreen.m */; };
		24F95FC10ED28556002065FC /* titanium_poweredby.png in Resources */ = {isa = PBXBuildFile; fileRef = 24F95FC00ED28556002065FC /* titanium_poweredby.png */; };
		24F95FCB0ED28607002065FC /* SplashWindow.xib in Resources */ = {isa = PBXBuildFile; fileRef = 24F95FC90ED28607002065FC /* SplashWindow.xib */; };
		24F960030ED28EBD002065FC /* TiSplashScreenWindowController.m in Sources */ = {isa = PBXBuildFile; fileRef = 24F960020ED28EBD002065FC /* TiSplashScreenWindowController.m */; };
		8D15AC2C0486D014006FF6A4 /* Credits.rtf in Resources */ = {isa = PBXBuildFile; fileRef = 2A37F4B9FDCFA73011CA2CEA /* Credits.rtf */; };
		8D15AC2F0486D014006FF6A4 /* InfoPlist.strings in Resources */ = {isa = PBXBuildFile; fileRef = 089C165FFE840EACC02AAC07 /* InfoPlist.strings */; };
		8D15AC320486D014006FF6A4 /* main.m in Sources */ = {isa = PBXBuildFile; fileRef = 2A37F4B0FDCFA73011CA2CEA /* main.m */; settings = {ATTRIBUTES = (); }; };
		8D15AC340486D014006FF6A4 /* Cocoa.framework in Frameworks */ = {isa = PBXBuildFile; fileRef = 1058C7A7FEA54F5311CA2CBB /* Cocoa.framework */; };
		ABCF24040ED3601C00F0C4F3 /* TiMenuFactory.m in Sources */ = {isa = PBXBuildFile; fileRef = ABCF24010ED3601C00F0C4F3 /* TiMenuFactory.m */; };
		ABCF24050ED3601C00F0C4F3 /* TiWindowFactory.m in Sources */ = {isa = PBXBuildFile; fileRef = ABCF24030ED3601C00F0C4F3 /* TiWindowFactory.m */; };
		ABCF240D0ED3966D00F0C4F3 /* TiAppArguments.m in Sources */ = {isa = PBXBuildFile; fileRef = ABCF240C0ED3966D00F0C4F3 /* TiAppArguments.m */; };
		ABCF24690ED3A95300F0C4F3 /* AppProtocol.m in Sources */ = {isa = PBXBuildFile; fileRef = ABCF24680ED3A95300F0C4F3 /* AppProtocol.m */; };
		D31B34E20EBBE9CD006F3012 /* WebKit.framework in Frameworks */ = {isa = PBXBuildFile; fileRef = D31B34E10EBBE9CD006F3012 /* WebKit.framework */; };
		D31B35000EBBEE04006F3012 /* PreferencesWindow.xib in Resources */ = {isa = PBXBuildFile; fileRef = D31B34FE0EBBEE04006F3012 /* PreferencesWindow.xib */; };
		D31B36280EBC07C1006F3012 /* tiapp.xml in Resources */ = {isa = PBXBuildFile; fileRef = D31B36270EBC07C1006F3012 /* tiapp.xml */; };
		D31B36390EBC0832006F3012 /* index.html in Resources */ = {isa = PBXBuildFile; fileRef = D31B36380EBC0832006F3012 /* index.html */; };
		D31B38820EBCE51D006F3012 /* JavaScriptPromptWindow.xib in Resources */ = {isa = PBXBuildFile; fileRef = D31B38800EBCE51D006F3012 /* JavaScriptPromptWindow.xib */; };
		D31B3D230EBD7DF7006F3012 /* DefaultValues.plist in Resources */ = {isa = PBXBuildFile; fileRef = D31B3D220EBD7DF7006F3012 /* DefaultValues.plist */; };
		D31B3EF70EBE88B3006F3012 /* resizeIndicator.png in Resources */ = {isa = PBXBuildFile; fileRef = D31B3EF60EBE88B3006F3012 /* resizeIndicator.png */; };
/* End PBXBuildFile section */

/* Begin PBXFileReference section */
		089C1660FE840EACC02AAC07 /* English */ = {isa = PBXFileReference; fileEncoding = 10; lastKnownFileType = text.plist.strings; name = English; path = English.lproj/InfoPlist.strings; sourceTree = "<group>"; };
		1058C7A7FEA54F5311CA2CBB /* Cocoa.framework */ = {isa = PBXFileReference; lastKnownFileType = wrapper.framework; name = Cocoa.framework; path = /System/Library/Frameworks/Cocoa.framework; sourceTree = "<absolute>"; };
		13E42FBA07B3F13500E4EEF1 /* CoreData.framework */ = {isa = PBXFileReference; lastKnownFileType = wrapper.framework; name = CoreData.framework; path = /System/Library/Frameworks/CoreData.framework; sourceTree = "<absolute>"; };
		1DDD58290DA1D0D100B32029 /* English */ = {isa = PBXFileReference; lastKnownFileType = file.xib; name = English; path = English.lproj/BrowserWindow.xib; sourceTree = "<group>"; };
		1DDD582B0DA1D0D100B32029 /* English */ = {isa = PBXFileReference; lastKnownFileType = file.xib; name = English; path = English.lproj/MainMenu.xib; sourceTree = "<group>"; };
		240718A40ED3FF7500D542F0 /* titanium.icns */ = {isa = PBXFileReference; lastKnownFileType = image.icns; name = titanium.icns; path = ../../support/osx/titanium.icns; sourceTree = SOURCE_ROOT; };
		24071C150ED633DF00D542F0 /* secondary.html */ = {isa = PBXFileReference; fileEncoding = 4; lastKnownFileType = text.html; name = secondary.html; path = res/secondary.html; sourceTree = "<group>"; };
		240721910ED907AC00D542F0 /* test_db.html */ = {isa = PBXFileReference; fileEncoding = 4; lastKnownFileType = text.html; name = test_db.html; path = res/test_db.html; sourceTree = "<group>"; };
		2433DDD10ED0FFA100813747 /* NSThemeFrame.h */ = {isa = PBXFileReference; fileEncoding = 4; lastKnownFileType = sourcecode.c.h; name = NSThemeFrame.h; path = src/NSThemeFrame.h; sourceTree = "<group>"; };
		2433DDD20ED0FFA100813747 /* NSTitledFrame.h */ = {isa = PBXFileReference; fileEncoding = 4; lastKnownFileType = sourcecode.c.h; name = NSTitledFrame.h; path = src/NSTitledFrame.h; sourceTree = "<group>"; };
		2433DDD30ED0FFA100813747 /* TiThemeFrame.h */ = {isa = PBXFileReference; fileEncoding = 4; lastKnownFileType = sourcecode.c.h; name = TiThemeFrame.h; path = src/TiThemeFrame.h; sourceTree = "<group>"; };
		2433DDD40ED0FFA100813747 /* TiThemeFrame.m */ = {isa = PBXFileReference; fileEncoding = 4; lastKnownFileType = sourcecode.c.objc; name = TiThemeFrame.m; path = src/TiThemeFrame.m; sourceTree = "<group>"; };
		2433DDD60ED0FFBE00813747 /* TiBrowserWindowController.h */ = {isa = PBXFileReference; fileEncoding = 4; lastKnownFileType = sourcecode.c.h; name = TiBrowserWindowController.h; path = src/TiBrowserWindowController.h; sourceTree = "<group>"; };
		2433DDD70ED0FFBE00813747 /* TiBrowserWindowController.m */ = {isa = PBXFileReference; fileEncoding = 4; lastKnownFileType = sourcecode.c.objc; name = TiBrowserWindowController.m; path = src/TiBrowserWindowController.m; sourceTree = "<group>"; };
		2433DDD80ED0FFBE00813747 /* TiJavaScriptPromptWindowController.h */ = {isa = PBXFileReference; fileEncoding = 4; lastKnownFileType = sourcecode.c.h; name = TiJavaScriptPromptWindowController.h; path = src/TiJavaScriptPromptWindowController.h; sourceTree = "<group>"; };
		2433DDD90ED0FFBE00813747 /* TiJavaScriptPromptWindowController.m */ = {isa = PBXFileReference; fileEncoding = 4; lastKnownFileType = sourcecode.c.objc; name = TiJavaScriptPromptWindowController.m; path = src/TiJavaScriptPromptWindowController.m; sourceTree = "<group>"; };
		2433DDDC0ED0FFE300813747 /* TiObject.h */ = {isa = PBXFileReference; fileEncoding = 4; lastKnownFileType = sourcecode.c.h; name = TiObject.h; path = src/TiObject.h; sourceTree = "<group>"; };
		2433DDDD0ED0FFE300813747 /* TiObject.m */ = {isa = PBXFileReference; fileEncoding = 4; lastKnownFileType = sourcecode.c.objc; name = TiObject.m; path = src/TiObject.m; sourceTree = "<group>"; };
		2433DDDE0ED0FFE300813747 /* TiSystemMenu.h */ = {isa = PBXFileReference; fileEncoding = 4; lastKnownFileType = sourcecode.c.h; name = TiSystemMenu.h; path = src/TiSystemMenu.h; sourceTree = "<group>"; };
		2433DDDF0ED0FFE300813747 /* TiSystemMenu.m */ = {isa = PBXFileReference; fileEncoding = 4; lastKnownFileType = sourcecode.c.objc; name = TiSystemMenu.m; path = src/TiSystemMenu.m; sourceTree = "<group>"; };
		2433DDE00ED0FFE300813747 /* TiUserWindow.h */ = {isa = PBXFileReference; fileEncoding = 4; lastKnownFileType = sourcecode.c.h; name = TiUserWindow.h; path = src/TiUserWindow.h; sourceTree = "<group>"; };
		2433DDE10ED0FFE300813747 /* TiUserWindow.m */ = {isa = PBXFileReference; fileEncoding = 4; lastKnownFileType = sourcecode.c.objc; name = TiUserWindow.m; path = src/TiUserWindow.m; sourceTree = "<group>"; };
		2433DDE50ED1000A00813747 /* NSFrameView.h */ = {isa = PBXFileReference; fileEncoding = 4; lastKnownFileType = sourcecode.c.h; name = NSFrameView.h; path = src/NSFrameView.h; sourceTree = "<group>"; };
		2433DDE60ED1002400813747 /* TiAppDelegate.h */ = {isa = PBXFileReference; fileEncoding = 4; lastKnownFileType = sourcecode.c.h; name = TiAppDelegate.h; path = src/TiAppDelegate.h; sourceTree = "<group>"; };
		2433DDE70ED1002400813747 /* TiAppDelegate.m */ = {isa = PBXFileReference; fileEncoding = 4; lastKnownFileType = sourcecode.c.objc; name = TiAppDelegate.m; path = src/TiAppDelegate.m; sourceTree = "<group>"; };
		2433DDE80ED1002400813747 /* TiBrowserDocument.h */ = {isa = PBXFileReference; fileEncoding = 4; lastKnownFileType = sourcecode.c.h; name = TiBrowserDocument.h; path = src/TiBrowserDocument.h; sourceTree = "<group>"; };
		2433DDE90ED1002400813747 /* TiBrowserDocument.m */ = {isa = PBXFileReference; fileEncoding = 4; lastKnownFileType = sourcecode.c.objc; name = TiBrowserDocument.m; path = src/TiBrowserDocument.m; sourceTree = "<group>"; };
		2433DDEA0ED1002400813747 /* TiBrowserWindow.h */ = {isa = PBXFileReference; fileEncoding = 4; lastKnownFileType = sourcecode.c.h; name = TiBrowserWindow.h; path = src/TiBrowserWindow.h; sourceTree = "<group>"; };
		2433DDEB0ED1002400813747 /* TiBrowserWindow.m */ = {isa = PBXFileReference; fileEncoding = 4; lastKnownFileType = sourcecode.c.objc; name = TiBrowserWindow.m; path = src/TiBrowserWindow.m; sourceTree = "<group>"; };
		2433DDEC0ED1002400813747 /* TiMenuAction.h */ = {isa = PBXFileReference; fileEncoding = 4; lastKnownFileType = sourcecode.c.h; name = TiMenuAction.h; path = src/TiMenuAction.h; sourceTree = "<group>"; };
		2433DDED0ED1002400813747 /* TiMenuAction.m */ = {isa = PBXFileReference; fileEncoding = 4; lastKnownFileType = sourcecode.c.objc; name = TiMenuAction.m; path = src/TiMenuAction.m; sourceTree = "<group>"; };
		2433DDEE0ED1002400813747 /* TiProtocol.h */ = {isa = PBXFileReference; fileEncoding = 4; lastKnownFileType = sourcecode.c.h; name = TiProtocol.h; path = src/TiProtocol.h; sourceTree = "<group>"; };
		2433DDEF0ED1002400813747 /* TiProtocol.m */ = {isa = PBXFileReference; fileEncoding = 4; lastKnownFileType = sourcecode.c.objc; name = TiProtocol.m; path = src/TiProtocol.m; sourceTree = "<group>"; };
		2433DDF50ED1003100813747 /* TiPreferencesWindowController.h */ = {isa = PBXFileReference; fileEncoding = 4; lastKnownFileType = sourcecode.c.h; name = TiPreferencesWindowController.h; path = src/TiPreferencesWindowController.h; sourceTree = "<group>"; };
		2433DDF60ED1003100813747 /* TiPreferencesWindowController.m */ = {isa = PBXFileReference; fileEncoding = 4; lastKnownFileType = sourcecode.c.objc; name = TiPreferencesWindowController.m; path = src/TiPreferencesWindowController.m; sourceTree = "<group>"; };
		2433DE1A0ED102DB00813747 /* TiApp.h */ = {isa = PBXFileReference; fileEncoding = 4; lastKnownFileType = sourcecode.c.h; name = TiApp.h; path = src/TiApp.h; sourceTree = "<group>"; };
		2433DE1B0ED102DB00813747 /* TiApp.m */ = {isa = PBXFileReference; fileEncoding = 4; lastKnownFileType = sourcecode.c.objc; name = TiApp.m; path = src/TiApp.m; sourceTree = "<group>"; };
		2433DE1C0ED102DB00813747 /* TiSystemDock.h */ = {isa = PBXFileReference; fileEncoding = 4; lastKnownFileType = sourcecode.c.h; name = TiSystemDock.h; path = src/TiSystemDock.h; sourceTree = "<group>"; };
		2433DE1D0ED102DB00813747 /* TiSystemDock.m */ = {isa = PBXFileReference; fileEncoding = 4; lastKnownFileType = sourcecode.c.objc; name = TiSystemDock.m; path = src/TiSystemDock.m; sourceTree = "<group>"; };
		2433DE1E0ED102DB00813747 /* TiUserMenu.h */ = {isa = PBXFileReference; fileEncoding = 4; lastKnownFileType = sourcecode.c.h; name = TiUserMenu.h; path = src/TiUserMenu.h; sourceTree = "<group>"; };
		2433DE1F0ED102DB00813747 /* TiUserMenu.m */ = {isa = PBXFileReference; fileEncoding = 4; lastKnownFileType = sourcecode.c.objc; name = TiUserMenu.m; path = src/TiUserMenu.m; sourceTree = "<group>"; };
		2433DF6B0ED1122000813747 /* TiWindowOptions.h */ = {isa = PBXFileReference; fileEncoding = 4; lastKnownFileType = sourcecode.c.h; name = TiWindowOptions.h; path = src/TiWindowOptions.h; sourceTree = "<group>"; };
		2433DF6C0ED1122000813747 /* TiWindowOptions.m */ = {isa = PBXFileReference; fileEncoding = 4; lastKnownFileType = sourcecode.c.objc; name = TiWindowOptions.m; path = src/TiWindowOptions.m; sourceTree = "<group>"; };
		24DA9C0B0ED15E9000DECFFC /* favicon.ico */ = {isa = PBXFileReference; lastKnownFileType = image.ico; name = favicon.ico; path = res/favicon.ico; sourceTree = "<group>"; };
		24F95FBD0ED2836D002065FC /* TiSplashScreen.h */ = {isa = PBXFileReference; fileEncoding = 4; lastKnownFileType = sourcecode.c.h; name = TiSplashScreen.h; path = src/TiSplashScreen.h; sourceTree = "<group>"; };
		24F95FBE0ED2836D002065FC /* TiSplashScreen.m */ = {isa = PBXFileReference; fileEncoding = 4; lastKnownFileType = sourcecode.c.objc; name = TiSplashScreen.m; path = src/TiSplashScreen.m; sourceTree = "<group>"; };
		24F95FC00ED28556002065FC /* titanium_poweredby.png */ = {isa = PBXFileReference; lastKnownFileType = image.png; name = titanium_poweredby.png; path = res/titanium_poweredby.png; sourceTree = "<group>"; };
		24F95FC70ED285CC002065FC /* English */ = {isa = PBXFileReference; lastKnownFileType = file.xib; name = English; path = English.lproj/SplashWindow.xib; sourceTree = "<group>"; };
		24F95FCA0ED28607002065FC /* English */ = {isa = PBXFileReference; lastKnownFileType = file.xib; name = English; path = English.lproj/SplashWindow.xib; sourceTree = "<group>"; };
		24F960010ED28EBD002065FC /* TiSplashScreenWindowController.h */ = {isa = PBXFileReference; fileEncoding = 4; lastKnownFileType = sourcecode.c.h; name = TiSplashScreenWindowController.h; path = src/TiSplashScreenWindowController.h; sourceTree = "<group>"; };
		24F960020ED28EBD002065FC /* TiSplashScreenWindowController.m */ = {isa = PBXFileReference; fileEncoding = 4; lastKnownFileType = sourcecode.c.objc; name = TiSplashScreenWindowController.m; path = src/TiSplashScreenWindowController.m; sourceTree = "<group>"; };
		2A37F4B0FDCFA73011CA2CEA /* main.m */ = {isa = PBXFileReference; fileEncoding = 4; lastKnownFileType = sourcecode.c.objc; path = main.m; sourceTree = "<group>"; };
		2A37F4BAFDCFA73011CA2CEA /* English */ = {isa = PBXFileReference; lastKnownFileType = text.rtf; name = English; path = English.lproj/Credits.rtf; sourceTree = "<group>"; };
		2A37F4C4FDCFA73011CA2CEA /* AppKit.framework */ = {isa = PBXFileReference; lastKnownFileType = wrapper.framework; name = AppKit.framework; path = /System/Library/Frameworks/AppKit.framework; sourceTree = "<absolute>"; };
		2A37F4C5FDCFA73011CA2CEA /* Foundation.framework */ = {isa = PBXFileReference; lastKnownFileType = wrapper.framework; name = Foundation.framework; path = /System/Library/Frameworks/Foundation.framework; sourceTree = "<absolute>"; };
		32DBCF750370BD2300C91783 /* Titanium_Prefix.pch */ = {isa = PBXFileReference; fileEncoding = 4; lastKnownFileType = sourcecode.c.h; path = Titanium_Prefix.pch; sourceTree = "<group>"; };
		8D15AC360486D014006FF6A4 /* Info.plist */ = {isa = PBXFileReference; fileEncoding = 4; lastKnownFileType = text.plist.xml; path = Info.plist; sourceTree = "<group>"; };
		8D15AC370486D014006FF6A4 /* Titanium.app */ = {isa = PBXFileReference; explicitFileType = wrapper.application; includeInIndex = 0; path = Titanium.app; sourceTree = BUILT_PRODUCTS_DIR; };
		ABCF24000ED3601C00F0C4F3 /* TiMenuFactory.h */ = {isa = PBXFileReference; fileEncoding = 4; lastKnownFileType = sourcecode.c.h; name = TiMenuFactory.h; path = src/TiMenuFactory.h; sourceTree = "<group>"; };
		ABCF24010ED3601C00F0C4F3 /* TiMenuFactory.m */ = {isa = PBXFileReference; fileEncoding = 4; lastKnownFileType = sourcecode.c.objc; name = TiMenuFactory.m; path = src/TiMenuFactory.m; sourceTree = "<group>"; };
		ABCF24020ED3601C00F0C4F3 /* TiWindowFactory.h */ = {isa = PBXFileReference; fileEncoding = 4; lastKnownFileType = sourcecode.c.h; name = TiWindowFactory.h; path = src/TiWindowFactory.h; sourceTree = "<group>"; };
		ABCF24030ED3601C00F0C4F3 /* TiWindowFactory.m */ = {isa = PBXFileReference; fileEncoding = 4; lastKnownFileType = sourcecode.c.objc; name = TiWindowFactory.m; path = src/TiWindowFactory.m; sourceTree = "<group>"; };
		ABCF240B0ED3966D00F0C4F3 /* TiAppArguments.h */ = {isa = PBXFileReference; fileEncoding = 4; lastKnownFileType = sourcecode.c.h; name = TiAppArguments.h; path = src/TiAppArguments.h; sourceTree = "<group>"; };
		ABCF240C0ED3966D00F0C4F3 /* TiAppArguments.m */ = {isa = PBXFileReference; fileEncoding = 4; lastKnownFileType = sourcecode.c.objc; name = TiAppArguments.m; path = src/TiAppArguments.m; sourceTree = "<group>"; };
		ABCF24670ED3A95300F0C4F3 /* AppProtocol.h */ = {isa = PBXFileReference; fileEncoding = 4; lastKnownFileType = sourcecode.c.h; name = AppProtocol.h; path = src/AppProtocol.h; sourceTree = "<group>"; };
		ABCF24680ED3A95300F0C4F3 /* AppProtocol.m */ = {isa = PBXFileReference; fileEncoding = 4; lastKnownFileType = sourcecode.c.objc; name = AppProtocol.m; path = src/AppProtocol.m; sourceTree = "<group>"; };
		D31B34E10EBBE9CD006F3012 /* WebKit.framework */ = {isa = PBXFileReference; lastKnownFileType = wrapper.framework; name = WebKit.framework; path = /System/Library/Frameworks/WebKit.framework; sourceTree = "<absolute>"; };
		D31B34FF0EBBEE04006F3012 /* English */ = {isa = PBXFileReference; lastKnownFileType = file.xib; name = English; path = English.lproj/PreferencesWindow.xib; sourceTree = "<group>"; };
		D31B36270EBC07C1006F3012 /* tiapp.xml */ = {isa = PBXFileReference; fileEncoding = 4; lastKnownFileType = text.xml; name = tiapp.xml; path = res/tiapp.xml; sourceTree = "<group>"; };
		D31B36380EBC0832006F3012 /* index.html */ = {isa = PBXFileReference; fileEncoding = 4; lastKnownFileType = text.html; name = index.html; path = res/index.html; sourceTree = "<group>"; };
		D31B36640EBC0946006F3012 /* appcelerator.icns */ = {isa = PBXFileReference; lastKnownFileType = image.icns; name = appcelerator.icns; path = res/appcelerator.icns; sourceTree = "<group>"; };
		D31B38810EBCE51D006F3012 /* English */ = {isa = PBXFileReference; lastKnownFileType = file.xib; name = English; path = English.lproj/JavaScriptPromptWindow.xib; sourceTree = "<group>"; };
		D31B3CDC0EBD71F5006F3012 /* WebInspector.h */ = {isa = PBXFileReference; fileEncoding = 4; lastKnownFileType = sourcecode.c.h; name = WebInspector.h; path = src/WebInspector.h; sourceTree = "<group>"; };
		D31B3CFA0EBD7530006F3012 /* WebViewPrivate.h */ = {isa = PBXFileReference; fileEncoding = 4; lastKnownFileType = sourcecode.c.h; name = WebViewPrivate.h; path = src/WebViewPrivate.h; sourceTree = "<group>"; };
		D31B3D070EBD757E006F3012 /* WebFramePrivate.h */ = {isa = PBXFileReference; fileEncoding = 4; lastKnownFileType = sourcecode.c.h; name = WebFramePrivate.h; path = src/WebFramePrivate.h; sourceTree = "<group>"; };
		D31B3D220EBD7DF7006F3012 /* DefaultValues.plist */ = {isa = PBXFileReference; fileEncoding = 4; lastKnownFileType = text.plist.xml; name = DefaultValues.plist; path = res/DefaultValues.plist; sourceTree = "<group>"; };
		D31B3DCB0EBD8E7D006F3012 /* WebDashboardRegion.h */ = {isa = PBXFileReference; fileEncoding = 4; lastKnownFileType = sourcecode.c.h; name = WebDashboardRegion.h; path = src/WebDashboardRegion.h; sourceTree = "<group>"; };
		D31B3EF60EBE88B3006F3012 /* resizeIndicator.png */ = {isa = PBXFileReference; lastKnownFileType = image.png; name = resizeIndicator.png; path = res/resizeIndicator.png; sourceTree = "<group>"; };
/* End PBXFileReference section */

/* Begin PBXFrameworksBuildPhase section */
		8D15AC330486D014006FF6A4 /* Frameworks */ = {
			isa = PBXFrameworksBuildPhase;
			buildActionMask = 2147483647;
			files = (
				8D15AC340486D014006FF6A4 /* Cocoa.framework in Frameworks */,
				D31B34E20EBBE9CD006F3012 /* WebKit.framework in Frameworks */,
			);
			runOnlyForDeploymentPostprocessing = 0;
		};
/* End PBXFrameworksBuildPhase section */

/* Begin PBXGroup section */
		1058C7A6FEA54F5311CA2CBB /* Linked Frameworks */ = {
			isa = PBXGroup;
			children = (
				D31B34E10EBBE9CD006F3012 /* WebKit.framework */,
				1058C7A7FEA54F5311CA2CBB /* Cocoa.framework */,
			);
			name = "Linked Frameworks";
			sourceTree = "<group>";
		};
		1058C7A8FEA54F5311CA2CBB /* Other Frameworks */ = {
			isa = PBXGroup;
			children = (
				2A37F4C4FDCFA73011CA2CEA /* AppKit.framework */,
				13E42FBA07B3F13500E4EEF1 /* CoreData.framework */,
				2A37F4C5FDCFA73011CA2CEA /* Foundation.framework */,
			);
			name = "Other Frameworks";
			sourceTree = "<group>";
		};
		19C28FB0FE9D524F11CA2CBB /* Products */ = {
			isa = PBXGroup;
			children = (
				8D15AC370486D014006FF6A4 /* Titanium.app */,
			);
			name = Products;
			sourceTree = "<group>";
		};
		2A37F4AAFDCFA73011CA2CEA /* Titanium */ = {
			isa = PBXGroup;
			children = (
				ABCF24750ED3AAAD00F0C4F3 /* URL */,
				2A37F4ABFDCFA73011CA2CEA /* Classes */,
				2A37F4AFFDCFA73011CA2CEA /* Other Sources */,
				2A37F4B8FDCFA73011CA2CEA /* Resources */,
				2A37F4C3FDCFA73011CA2CEA /* Frameworks */,
				19C28FB0FE9D524F11CA2CBB /* Products */,
			);
			name = Titanium;
			sourceTree = "<group>";
		};
		2A37F4ABFDCFA73011CA2CEA /* Classes */ = {
			isa = PBXGroup;
			children = (
				ABCF240B0ED3966D00F0C4F3 /* TiAppArguments.h */,
				ABCF240C0ED3966D00F0C4F3 /* TiAppArguments.m */,
				2433DDD60ED0FFBE00813747 /* TiBrowserWindowController.h */,
				2433DDD70ED0FFBE00813747 /* TiBrowserWindowController.m */,
				2433DDE60ED1002400813747 /* TiAppDelegate.h */,
				2433DDE70ED1002400813747 /* TiAppDelegate.m */,
				2433DDE80ED1002400813747 /* TiBrowserDocument.h */,
				2433DDE90ED1002400813747 /* TiBrowserDocument.m */,
				2433DDEA0ED1002400813747 /* TiBrowserWindow.h */,
				2433DDEB0ED1002400813747 /* TiBrowserWindow.m */,
				2433DDEC0ED1002400813747 /* TiMenuAction.h */,
				2433DDED0ED1002400813747 /* TiMenuAction.m */,
				D31B3D800EBD89FA006F3012 /* Themes */,
				D31B393E0EBCFA53006F3012 /* Javascript */,
				D31B393D0EBCFA3A006F3012 /* Auxiliary Windows */,
				D31B3CDD0EBD71FA006F3012 /* WebKitPrivate */,
			);
			name = Classes;
			sourceTree = "<group>";
		};
		2A37F4AFFDCFA73011CA2CEA /* Other Sources */ = {
			isa = PBXGroup;
			children = (
				32DBCF750370BD2300C91783 /* Titanium_Prefix.pch */,
				2A37F4B0FDCFA73011CA2CEA /* main.m */,
			);
			name = "Other Sources";
			sourceTree = "<group>";
		};
		2A37F4B8FDCFA73011CA2CEA /* Resources */ = {
			isa = PBXGroup;
			children = (
				240721910ED907AC00D542F0 /* test_db.html */,
				24071C150ED633DF00D542F0 /* secondary.html */,
				240718A40ED3FF7500D542F0 /* titanium.icns */,
				24F95FC90ED28607002065FC /* SplashWindow.xib */,
				D31B3EF80EBE88B5006F3012 /* Images */,
				D31B36640EBC0946006F3012 /* appcelerator.icns */,
				2A37F4B9FDCFA73011CA2CEA /* Credits.rtf */,
				8D15AC360486D014006FF6A4 /* Info.plist */,
				089C165FFE840EACC02AAC07 /* InfoPlist.strings */,
				1DDD582A0DA1D0D100B32029 /* MainMenu.xib */,
				1DDD58280DA1D0D100B32029 /* BrowserWindow.xib */,
				D31B34FE0EBBEE04006F3012 /* PreferencesWindow.xib */,
				D31B38800EBCE51D006F3012 /* JavaScriptPromptWindow.xib */,
				D31B36270EBC07C1006F3012 /* tiapp.xml */,
				D31B36380EBC0832006F3012 /* index.html */,
				D31B3D220EBD7DF7006F3012 /* DefaultValues.plist */,
				24F95FC60ED285CC002065FC /* SplashWindow.xib */,
			);
			name = Resources;
			sourceTree = "<group>";
		};
		2A37F4C3FDCFA73011CA2CEA /* Frameworks */ = {
			isa = PBXGroup;
			children = (
				1058C7A6FEA54F5311CA2CBB /* Linked Frameworks */,
				1058C7A8FEA54F5311CA2CBB /* Other Frameworks */,
			);
			name = Frameworks;
			sourceTree = "<group>";
		};
		ABCF24750ED3AAAD00F0C4F3 /* URL */ = {
			isa = PBXGroup;
			children = (
				ABCF24670ED3A95300F0C4F3 /* AppProtocol.h */,
				ABCF24680ED3A95300F0C4F3 /* AppProtocol.m */,
				2433DDEE0ED1002400813747 /* TiProtocol.h */,
				2433DDEF0ED1002400813747 /* TiProtocol.m */,
			);
			name = URL;
			sourceTree = "<group>";
		};
		D31B393D0EBCFA3A006F3012 /* Auxiliary Windows */ = {
			isa = PBXGroup;
			children = (
				24F960010ED28EBD002065FC /* TiSplashScreenWindowController.h */,
				24F960020ED28EBD002065FC /* TiSplashScreenWindowController.m */,
				24F95FBD0ED2836D002065FC /* TiSplashScreen.h */,
				24F95FBE0ED2836D002065FC /* TiSplashScreen.m */,
				2433DDF50ED1003100813747 /* TiPreferencesWindowController.h */,
				2433DDF60ED1003100813747 /* TiPreferencesWindowController.m */,
				2433DDD80ED0FFBE00813747 /* TiJavaScriptPromptWindowController.h */,
				2433DDD90ED0FFBE00813747 /* TiJavaScriptPromptWindowController.m */,
			);
			name = "Auxiliary Windows";
			sourceTree = "<group>";
		};
		D31B393E0EBCFA53006F3012 /* Javascript */ = {
			isa = PBXGroup;
			children = (
				ABCF24000ED3601C00F0C4F3 /* TiMenuFactory.h */,
				ABCF24010ED3601C00F0C4F3 /* TiMenuFactory.m */,
				ABCF24020ED3601C00F0C4F3 /* TiWindowFactory.h */,
				ABCF24030ED3601C00F0C4F3 /* TiWindowFactory.m */,
				2433DF6B0ED1122000813747 /* TiWindowOptions.h */,
				2433DF6C0ED1122000813747 /* TiWindowOptions.m */,
				2433DE1A0ED102DB00813747 /* TiApp.h */,
				2433DE1B0ED102DB00813747 /* TiApp.m */,
				2433DE1C0ED102DB00813747 /* TiSystemDock.h */,
				2433DE1D0ED102DB00813747 /* TiSystemDock.m */,
				2433DE1E0ED102DB00813747 /* TiUserMenu.h */,
				2433DE1F0ED102DB00813747 /* TiUserMenu.m */,
				2433DDDC0ED0FFE300813747 /* TiObject.h */,
				2433DDDD0ED0FFE300813747 /* TiObject.m */,
				2433DDDE0ED0FFE300813747 /* TiSystemMenu.h */,
				2433DDDF0ED0FFE300813747 /* TiSystemMenu.m */,
				2433DDE00ED0FFE300813747 /* TiUserWindow.h */,
				2433DDE10ED0FFE300813747 /* TiUserWindow.m */,
			);
			name = Javascript;
			sourceTree = "<group>";
		};
		D31B3CDD0EBD71FA006F3012 /* WebKitPrivate */ = {
			isa = PBXGroup;
			children = (
				D31B3CFA0EBD7530006F3012 /* WebViewPrivate.h */,
				D31B3D070EBD757E006F3012 /* WebFramePrivate.h */,
				D31B3CDC0EBD71F5006F3012 /* WebInspector.h */,
				D31B3DCB0EBD8E7D006F3012 /* WebDashboardRegion.h */,
			);
			name = WebKitPrivate;
			sourceTree = "<group>";
		};
		D31B3D800EBD89FA006F3012 /* Themes */ = {
			isa = PBXGroup;
			children = (
				2433DDE50ED1000A00813747 /* NSFrameView.h */,
				2433DDD10ED0FFA100813747 /* NSThemeFrame.h */,
				2433DDD20ED0FFA100813747 /* NSTitledFrame.h */,
				2433DDD30ED0FFA100813747 /* TiThemeFrame.h */,
				2433DDD40ED0FFA100813747 /* TiThemeFrame.m */,
			);
			name = Themes;
			sourceTree = "<group>";
		};
		D31B3EF80EBE88B5006F3012 /* Images */ = {
			isa = PBXGroup;
			children = (
				24F95FC00ED28556002065FC /* titanium_poweredby.png */,
				24DA9C0B0ED15E9000DECFFC /* favicon.ico */,
				D31B3EF60EBE88B3006F3012 /* resizeIndicator.png */,
			);
			name = Images;
			sourceTree = "<group>";
		};
/* End PBXGroup section */

/* Begin PBXNativeTarget section */
		8D15AC270486D014006FF6A4 /* Titanium */ = {
			isa = PBXNativeTarget;
			buildConfigurationList = C05733C708A9546B00998B17 /* Build configuration list for PBXNativeTarget "Titanium" */;
			buildPhases = (
				8D15AC2B0486D014006FF6A4 /* Resources */,
				8D15AC300486D014006FF6A4 /* Sources */,
				8D15AC330486D014006FF6A4 /* Frameworks */,
				24071D3F0ED6A9CD00D542F0 /* ShellScript */,
			);
			buildRules = (
			);
			dependencies = (
			);
			name = Titanium;
			productInstallPath = "$(HOME)/Applications";
			productName = Titanium;
			productReference = 8D15AC370486D014006FF6A4 /* Titanium.app */;
			productType = "com.apple.product-type.application";
		};
/* End PBXNativeTarget section */

/* Begin PBXProject section */
		2A37F4A9FDCFA73011CA2CEA /* Project object */ = {
			isa = PBXProject;
			buildConfigurationList = C05733CB08A9546B00998B17 /* Build configuration list for PBXProject "Titanium" */;
			compatibilityVersion = "Xcode 3.1";
			hasScannedForEncodings = 1;
			mainGroup = 2A37F4AAFDCFA73011CA2CEA /* Titanium */;
			projectDirPath = "";
			projectRoot = "";
			targets = (
				8D15AC270486D014006FF6A4 /* Titanium */,
			);
		};
/* End PBXProject section */

/* Begin PBXResourcesBuildPhase section */
		8D15AC2B0486D014006FF6A4 /* Resources */ = {
			isa = PBXResourcesBuildPhase;
			buildActionMask = 2147483647;
			files = (
				8D15AC2C0486D014006FF6A4 /* Credits.rtf in Resources */,
				8D15AC2F0486D014006FF6A4 /* InfoPlist.strings in Resources */,
				1DDD582C0DA1D0D100B32029 /* BrowserWindow.xib in Resources */,
				1DDD582D0DA1D0D100B32029 /* MainMenu.xib in Resources */,
				D31B35000EBBEE04006F3012 /* PreferencesWindow.xib in Resources */,
				D31B36280EBC07C1006F3012 /* tiapp.xml in Resources */,
				D31B36390EBC0832006F3012 /* index.html in Resources */,
				D31B38820EBCE51D006F3012 /* JavaScriptPromptWindow.xib in Resources */,
				D31B3D230EBD7DF7006F3012 /* DefaultValues.plist in Resources */,
				D31B3EF70EBE88B3006F3012 /* resizeIndicator.png in Resources */,
				24DA9C0C0ED15E9000DECFFC /* favicon.ico in Resources */,
				24F95FC10ED28556002065FC /* titanium_poweredby.png in Resources */,
				24F95FCB0ED28607002065FC /* SplashWindow.xib in Resources */,
				240718A50ED3FF7500D542F0 /* titanium.icns in Resources */,
				24071C160ED633DF00D542F0 /* secondary.html in Resources */,
				240721920ED907AC00D542F0 /* test_db.html in Resources */,
			);
			runOnlyForDeploymentPostprocessing = 0;
		};
/* End PBXResourcesBuildPhase section */

/* Begin PBXShellScriptBuildPhase section */
		24071D3F0ED6A9CD00D542F0 /* ShellScript */ = {
			isa = PBXShellScriptBuildPhase;
			buildActionMask = 2147483647;
			files = (
			);
			inputPaths = (
			);
			outputPaths = (
			);
			runOnlyForDeploymentPostprocessing = 0;
			shellPath = /bin/sh;
			shellScript = "ruby ./script/build.rb";
		};
/* End PBXShellScriptBuildPhase section */

/* Begin PBXSourcesBuildPhase section */
		8D15AC300486D014006FF6A4 /* Sources */ = {
			isa = PBXSourcesBuildPhase;
			buildActionMask = 2147483647;
			files = (
				8D15AC320486D014006FF6A4 /* main.m in Sources */,
				2433DDD50ED0FFA100813747 /* TiThemeFrame.m in Sources */,
				2433DDDA0ED0FFBE00813747 /* TiBrowserWindowController.m in Sources */,
				2433DDDB0ED0FFBE00813747 /* TiJavaScriptPromptWindowController.m in Sources */,
				2433DDE20ED0FFE300813747 /* TiObject.m in Sources */,
				2433DDE30ED0FFE300813747 /* TiSystemMenu.m in Sources */,
				2433DDE40ED0FFE300813747 /* TiUserWindow.m in Sources */,
				2433DDF00ED1002400813747 /* TiAppDelegate.m in Sources */,
				2433DDF10ED1002400813747 /* TiBrowserDocument.m in Sources */,
				2433DDF20ED1002400813747 /* TiBrowserWindow.m in Sources */,
				2433DDF30ED1002400813747 /* TiMenuAction.m in Sources */,
				2433DDF40ED1002400813747 /* TiProtocol.m in Sources */,
				2433DDF70ED1003100813747 /* TiPreferencesWindowController.m in Sources */,
				2433DE200ED102DB00813747 /* TiApp.m in Sources */,
				2433DE210ED102DB00813747 /* TiSystemDock.m in Sources */,
				2433DE220ED102DB00813747 /* TiUserMenu.m in Sources */,
				2433DF6D0ED1122000813747 /* TiWindowOptions.m in Sources */,
				24F95FBF0ED2836D002065FC /* TiSplashScreen.m in Sources */,
				24F960030ED28EBD002065FC /* TiSplashScreenWindowController.m in Sources */,
				ABCF24040ED3601C00F0C4F3 /* TiMenuFactory.m in Sources */,
				ABCF24050ED3601C00F0C4F3 /* TiWindowFactory.m in Sources */,
				ABCF240D0ED3966D00F0C4F3 /* TiAppArguments.m in Sources */,
				ABCF24690ED3A95300F0C4F3 /* AppProtocol.m in Sources */,
			);
			runOnlyForDeploymentPostprocessing = 0;
		};
/* End PBXSourcesBuildPhase section */

/* Begin PBXVariantGroup section */
		089C165FFE840EACC02AAC07 /* InfoPlist.strings */ = {
			isa = PBXVariantGroup;
			children = (
				089C1660FE840EACC02AAC07 /* English */,
			);
			name = InfoPlist.strings;
			sourceTree = "<group>";
		};
		1DDD58280DA1D0D100B32029 /* BrowserWindow.xib */ = {
			isa = PBXVariantGroup;
			children = (
				1DDD58290DA1D0D100B32029 /* English */,
			);
			name = BrowserWindow.xib;
			sourceTree = "<group>";
		};
		1DDD582A0DA1D0D100B32029 /* MainMenu.xib */ = {
			isa = PBXVariantGroup;
			children = (
				1DDD582B0DA1D0D100B32029 /* English */,
			);
			name = MainMenu.xib;
			sourceTree = "<group>";
		};
		24F95FC60ED285CC002065FC /* SplashWindow.xib */ = {
			isa = PBXVariantGroup;
			children = (
				24F95FC70ED285CC002065FC /* English */,
			);
			name = SplashWindow.xib;
			sourceTree = "<group>";
		};
		24F95FC90ED28607002065FC /* SplashWindow.xib */ = {
			isa = PBXVariantGroup;
			children = (
				24F95FCA0ED28607002065FC /* English */,
			);
			name = SplashWindow.xib;
			sourceTree = "<group>";
		};
		2A37F4B9FDCFA73011CA2CEA /* Credits.rtf */ = {
			isa = PBXVariantGroup;
			children = (
				2A37F4BAFDCFA73011CA2CEA /* English */,
			);
			name = Credits.rtf;
			sourceTree = "<group>";
		};
		D31B34FE0EBBEE04006F3012 /* PreferencesWindow.xib */ = {
			isa = PBXVariantGroup;
			children = (
				D31B34FF0EBBEE04006F3012 /* English */,
			);
			name = PreferencesWindow.xib;
			sourceTree = "<group>";
		};
		D31B38800EBCE51D006F3012 /* JavaScriptPromptWindow.xib */ = {
			isa = PBXVariantGroup;
			children = (
				D31B38810EBCE51D006F3012 /* English */,
			);
			name = JavaScriptPromptWindow.xib;
			sourceTree = "<group>";
		};
/* End PBXVariantGroup section */

/* Begin XCBuildConfiguration section */
		C05733C808A9546B00998B17 /* Debug */ = {
			isa = XCBuildConfiguration;
			buildSettings = {
				ALWAYS_SEARCH_USER_PATHS = NO;
				COPY_PHASE_STRIP = NO;
				GCC_DYNAMIC_NO_PIC = NO;
				GCC_ENABLE_FIX_AND_CONTINUE = YES;
				GCC_MODEL_TUNING = G5;
				GCC_OPTIMIZATION_LEVEL = 0;
				GCC_PRECOMPILE_PREFIX_HEADER = YES;
				GCC_PREFIX_HEADER = Titanium_Prefix.pch;
				GCC_TREAT_IMPLICIT_FUNCTION_DECLARATIONS_AS_ERRORS = YES;
				GCC_TREAT_WARNINGS_AS_ERRORS = YES;
				GCC_WARN_UNUSED_PARAMETER = NO;
				GCC_WARN_UNUSED_VALUE = YES;
				INFOPLIST_FILE = Info.plist;
				INSTALL_PATH = "$(HOME)/Applications";
				PRODUCT_NAME = Titanium;
			};
			name = Debug;
		};
		C05733C908A9546B00998B17 /* Release */ = {
			isa = XCBuildConfiguration;
			buildSettings = {
				ALWAYS_SEARCH_USER_PATHS = NO;
				DEBUG_INFORMATION_FORMAT = "dwarf-with-dsym";
				GCC_MODEL_TUNING = G5;
				GCC_PRECOMPILE_PREFIX_HEADER = YES;
				GCC_PREFIX_HEADER = Titanium_Prefix.pch;
				GCC_TREAT_IMPLICIT_FUNCTION_DECLARATIONS_AS_ERRORS = YES;
				GCC_TREAT_WARNINGS_AS_ERRORS = YES;
				GCC_WARN_UNUSED_PARAMETER = NO;
				GCC_WARN_UNUSED_VALUE = YES;
				INFOPLIST_FILE = Info.plist;
				INSTALL_PATH = "$(HOME)/Applications";
				PRODUCT_NAME = Titanium;
			};
			name = Release;
		};
		C05733CC08A9546B00998B17 /* Debug */ = {
			isa = XCBuildConfiguration;
			buildSettings = {
				ARCHS = "$(ARCHS_STANDARD_32_BIT)";
				GCC_C_LANGUAGE_STANDARD = c99;
				GCC_OPTIMIZATION_LEVEL = 0;
				GCC_WARN_ABOUT_RETURN_TYPE = YES;
				GCC_WARN_UNUSED_VARIABLE = YES;
				ONLY_ACTIVE_ARCH = YES;
				PREBINDING = NO;
				SDKROOT = macosx10.5;
			};
			name = Debug;
		};
		C05733CD08A9546B00998B17 /* Release */ = {
			isa = XCBuildConfiguration;
			buildSettings = {
				ARCHS = "$(ARCHS_STANDARD_32_BIT)";
				GCC_C_LANGUAGE_STANDARD = c99;
				GCC_WARN_ABOUT_RETURN_TYPE = YES;
				GCC_WARN_UNUSED_VARIABLE = YES;
				PREBINDING = NO;
				SDKROOT = macosx10.5;
			};
			name = Release;
		};
/* End XCBuildConfiguration section */

/* Begin XCConfigurationList section */
		C05733C708A9546B00998B17 /* Build configuration list for PBXNativeTarget "Titanium" */ = {
			isa = XCConfigurationList;
			buildConfigurations = (
				C05733C808A9546B00998B17 /* Debug */,
				C05733C908A9546B00998B17 /* Release */,
			);
			defaultConfigurationIsVisible = 0;
			defaultConfigurationName = Release;
		};
		C05733CB08A9546B00998B17 /* Build configuration list for PBXProject "Titanium" */ = {
			isa = XCConfigurationList;
			buildConfigurations = (
				C05733CC08A9546B00998B17 /* Debug */,
				C05733CD08A9546B00998B17 /* Release */,
			);
			defaultConfigurationIsVisible = 0;
			defaultConfigurationName = Release;
		};
/* End XCConfigurationList section */
	};
	rootObject = 2A37F4A9FDCFA73011CA2CEA /* Project object */;
}
