// !$*UTF8*$!
{
	archiveVersion = 1;
	classes = {
	};
	objectVersion = 45;
	objects = {

/* Begin PBXBuildFile section */
		2427B9FD0EDA42BF007098CC /* TiWindow.m in Sources */ = {isa = PBXBuildFile; fileRef = 2427B9FC0EDA42BF007098CC /* TiWindow.m */; };
		2427BA3A0EDA4578007098CC /* TiSplashScreen.m in Sources */ = {isa = PBXBuildFile; fileRef = 2427BA390EDA4578007098CC /* TiSplashScreen.m */; };
		2427BA740EDA4654007098CC /* TiAppArguments.m in Sources */ = {isa = PBXBuildFile; fileRef = 2427BA730EDA4654007098CC /* TiAppArguments.m */; };
		2427BA940EDA478E007098CC /* TiWindowConfig.m in Sources */ = {isa = PBXBuildFile; fileRef = 2427BA930EDA478E007098CC /* TiWindowConfig.m */; };
		2427BAF70EDA4C96007098CC /* tiapp.xml in Resources */ = {isa = PBXBuildFile; fileRef = 2427BAF60EDA4C96007098CC /* tiapp.xml */; };
		246748240EDD2D6A00CE52E9 /* TiBounds.m in Sources */ = {isa = PBXBuildFile; fileRef = 246748230EDD2D6A00CE52E9 /* TiBounds.m */; };
		24674AE60EE1D6C400CE52E9 /* test.html in Resources */ = {isa = PBXBuildFile; fileRef = 24674AE50EE1D6C400CE52E9 /* test.html */; };
		24674DCF0EE2012C00CE52E9 /* test.js in Sources */ = {isa = PBXBuildFile; fileRef = 24674DCE0EE2012C00CE52E9 /* test.js */; };
		24674DDD0EE2028300CE52E9 /* test.js in Resources */ = {isa = PBXBuildFile; fileRef = 24674DCE0EE2012C00CE52E9 /* test.js */; };
		24674E600EE20E5800CE52E9 /* aid in Resources */ = {isa = PBXBuildFile; fileRef = 24674E5F0EE20E5800CE52E9 /* aid */; };
		2491AC8B0EDA375100B1ECDB /* TiController.m in Sources */ = {isa = PBXBuildFile; fileRef = 2491AC880EDA375100B1ECDB /* TiController.m */; };
		2491AC8C0EDA375100B1ECDB /* TiDocument.m in Sources */ = {isa = PBXBuildFile; fileRef = 2491AC8A0EDA375100B1ECDB /* TiDocument.m */; };
		2491AC8E0EDA375E00B1ECDB /* main.m in Sources */ = {isa = PBXBuildFile; fileRef = 2491AC8D0EDA375E00B1ECDB /* main.m */; };
		2491AC910EDA377400B1ECDB /* titanium.icns in Resources */ = {isa = PBXBuildFile; fileRef = 2491AC8F0EDA377400B1ECDB /* titanium.icns */; };
		2491AC920EDA377400B1ECDB /* titanium_poweredby.png in Resources */ = {isa = PBXBuildFile; fileRef = 2491AC900EDA377400B1ECDB /* titanium_poweredby.png */; };
		2491AC9D0EDA377E00B1ECDB /* InfoPlist.strings in Resources */ = {isa = PBXBuildFile; fileRef = 2491AC930EDA377E00B1ECDB /* InfoPlist.strings */; };
		2491AC9E0EDA377E00B1ECDB /* JavaScriptPromptWindow.xib in Resources */ = {isa = PBXBuildFile; fileRef = 2491AC950EDA377E00B1ECDB /* JavaScriptPromptWindow.xib */; };
		2491AC9F0EDA377E00B1ECDB /* MainMenu.xib in Resources */ = {isa = PBXBuildFile; fileRef = 2491AC970EDA377E00B1ECDB /* MainMenu.xib */; };
		2491ACA00EDA377E00B1ECDB /* SplashWindow.xib in Resources */ = {isa = PBXBuildFile; fileRef = 2491AC990EDA377E00B1ECDB /* SplashWindow.xib */; };
		2491ACA10EDA377E00B1ECDB /* TiDocument.xib in Resources */ = {isa = PBXBuildFile; fileRef = 2491AC9B0EDA377E00B1ECDB /* TiDocument.xib */; };
		249704230EDAA2950024252C /* index.html in Resources */ = {isa = PBXBuildFile; fileRef = 249704220EDAA2950024252C /* index.html */; };
		249708AF0EDCD8BC0024252C /* DefaultValues.plist in Resources */ = {isa = PBXBuildFile; fileRef = 249708AE0EDCD8BC0024252C /* DefaultValues.plist */; };
		24D022150EDA75EF005E15AE /* TiApp.m in Sources */ = {isa = PBXBuildFile; fileRef = 24D022060EDA75EF005E15AE /* TiApp.m */; };
		24D022160EDA75EF005E15AE /* TiMenuFactory.m in Sources */ = {isa = PBXBuildFile; fileRef = 24D022080EDA75EF005E15AE /* TiMenuFactory.m */; };
		24D022170EDA75EF005E15AE /* TiObject.m in Sources */ = {isa = PBXBuildFile; fileRef = 24D0220A0EDA75EF005E15AE /* TiObject.m */; };
		24D022180EDA75EF005E15AE /* TiSystemDock.m in Sources */ = {isa = PBXBuildFile; fileRef = 24D0220C0EDA75EF005E15AE /* TiSystemDock.m */; };
		24D022190EDA75EF005E15AE /* TiSystemMenu.m in Sources */ = {isa = PBXBuildFile; fileRef = 24D0220E0EDA75EF005E15AE /* TiSystemMenu.m */; };
		24D0221A0EDA75EF005E15AE /* TiUserMenu.m in Sources */ = {isa = PBXBuildFile; fileRef = 24D022100EDA75EF005E15AE /* TiUserMenu.m */; };
		24D0222D0EDA76D7005E15AE /* TiMenuAction.m in Sources */ = {isa = PBXBuildFile; fileRef = 24D0222C0EDA76D7005E15AE /* TiMenuAction.m */; };
		24D022520EDA794C005E15AE /* TiWindowFactory.m in Sources */ = {isa = PBXBuildFile; fileRef = 24D022510EDA794C005E15AE /* TiWindowFactory.m */; };
		24D022580EDA7989005E15AE /* TiUserWindow.m in Sources */ = {isa = PBXBuildFile; fileRef = 24D022570EDA7989005E15AE /* TiUserWindow.m */; };
		24D022E10EDA7DD0005E15AE /* AppProtocol.m in Sources */ = {isa = PBXBuildFile; fileRef = 24D022DE0EDA7DD0005E15AE /* AppProtocol.m */; };
		24D022E20EDA7DD0005E15AE /* TiProtocol.m in Sources */ = {isa = PBXBuildFile; fileRef = 24D022E00EDA7DD0005E15AE /* TiProtocol.m */; };
		24D024530EDA9573005E15AE /* AppKit.framework in Frameworks */ = {isa = PBXBuildFile; fileRef = 24D024520EDA9573005E15AE /* AppKit.framework */; };
		24D024570EDA9590005E15AE /* Foundation.framework in Frameworks */ = {isa = PBXBuildFile; fileRef = 24D024560EDA9590005E15AE /* Foundation.framework */; };
		834B13820795DD1F00E4BF6C /* WebKit.framework in Frameworks */ = {isa = PBXBuildFile; fileRef = 834B13810795DD1F00E4BF6C /* WebKit.framework */; };
		8D11072F0486CEB800E47090 /* Cocoa.framework in Frameworks */ = {isa = PBXBuildFile; fileRef = 1058C7A1FEA54F0111CA2CBB /* Cocoa.framework */; };
/* End PBXBuildFile section */

/* Begin PBXCopyFilesBuildPhase section */
		2491ACCD0EDA388100B1ECDB /* CopyFiles */ = {
			isa = PBXCopyFilesBuildPhase;
			buildActionMask = 2147483647;
			dstPath = "";
			dstSubfolderSpec = 16;
			files = (
			);
			runOnlyForDeploymentPostprocessing = 0;
		};
/* End PBXCopyFilesBuildPhase section */

/* Begin PBXFileReference section */
		1058C7A1FEA54F0111CA2CBB /* Cocoa.framework */ = {isa = PBXFileReference; lastKnownFileType = wrapper.framework; name = Cocoa.framework; path = /System/Library/Frameworks/Cocoa.framework; sourceTree = "<absolute>"; };
		2427B9FB0EDA42BF007098CC /* TiWindow.h */ = {isa = PBXFileReference; fileEncoding = 4; lastKnownFileType = sourcecode.c.h; name = TiWindow.h; path = src/TiWindow.h; sourceTree = "<group>"; };
		2427B9FC0EDA42BF007098CC /* TiWindow.m */ = {isa = PBXFileReference; fileEncoding = 4; lastKnownFileType = sourcecode.c.objc; name = TiWindow.m; path = src/TiWindow.m; sourceTree = "<group>"; };
		2427BA380EDA4578007098CC /* TiSplashScreen.h */ = {isa = PBXFileReference; fileEncoding = 4; lastKnownFileType = sourcecode.c.h; name = TiSplashScreen.h; path = src/TiSplashScreen.h; sourceTree = "<group>"; };
		2427BA390EDA4578007098CC /* TiSplashScreen.m */ = {isa = PBXFileReference; fileEncoding = 4; lastKnownFileType = sourcecode.c.objc; name = TiSplashScreen.m; path = src/TiSplashScreen.m; sourceTree = "<group>"; };
		2427BA720EDA4654007098CC /* TiAppArguments.h */ = {isa = PBXFileReference; fileEncoding = 4; lastKnownFileType = sourcecode.c.h; name = TiAppArguments.h; path = src/TiAppArguments.h; sourceTree = "<group>"; };
		2427BA730EDA4654007098CC /* TiAppArguments.m */ = {isa = PBXFileReference; fileEncoding = 4; lastKnownFileType = sourcecode.c.objc; name = TiAppArguments.m; path = src/TiAppArguments.m; sourceTree = "<group>"; };
		2427BA920EDA478E007098CC /* TiWindowConfig.h */ = {isa = PBXFileReference; fileEncoding = 4; lastKnownFileType = sourcecode.c.h; name = TiWindowConfig.h; path = src/TiWindowConfig.h; sourceTree = "<group>"; };
		2427BA930EDA478E007098CC /* TiWindowConfig.m */ = {isa = PBXFileReference; fileEncoding = 4; lastKnownFileType = sourcecode.c.objc; name = TiWindowConfig.m; path = src/TiWindowConfig.m; sourceTree = "<group>"; };
		2427BAF60EDA4C96007098CC /* tiapp.xml */ = {isa = PBXFileReference; fileEncoding = 4; lastKnownFileType = text.xml; name = tiapp.xml; path = res/tiapp.xml; sourceTree = "<group>"; };
		2427BC720EDA6DCC007098CC /* Ti.h */ = {isa = PBXFileReference; fileEncoding = 4; lastKnownFileType = sourcecode.c.h; name = Ti.h; path = src/Ti.h; sourceTree = "<group>"; };
		246748220EDD2D6A00CE52E9 /* TiBounds.h */ = {isa = PBXFileReference; fileEncoding = 4; lastKnownFileType = sourcecode.c.h; name = TiBounds.h; path = src/TiBounds.h; sourceTree = "<group>"; };
		246748230EDD2D6A00CE52E9 /* TiBounds.m */ = {isa = PBXFileReference; fileEncoding = 4; lastKnownFileType = sourcecode.c.objc; name = TiBounds.m; path = src/TiBounds.m; sourceTree = "<group>"; };
		24674AE50EE1D6C400CE52E9 /* test.html */ = {isa = PBXFileReference; fileEncoding = 4; lastKnownFileType = text.html; name = test.html; path = res/test.html; sourceTree = "<group>"; };
		24674DCE0EE2012C00CE52E9 /* test.js */ = {isa = PBXFileReference; fileEncoding = 4; lastKnownFileType = sourcecode.javascript; name = test.js; path = res/test.js; sourceTree = "<group>"; };
		24674E5F0EE20E5800CE52E9 /* aid */ = {isa = PBXFileReference; fileEncoding = 4; lastKnownFileType = text; name = aid; path = res/aid; sourceTree = "<group>"; };
		2491AC870EDA375100B1ECDB /* TiController.h */ = {isa = PBXFileReference; fileEncoding = 4; lastKnownFileType = sourcecode.c.h; name = TiController.h; path = src/TiController.h; sourceTree = "<group>"; };
		2491AC880EDA375100B1ECDB /* TiController.m */ = {isa = PBXFileReference; fileEncoding = 4; lastKnownFileType = sourcecode.c.objc; name = TiController.m; path = src/TiController.m; sourceTree = "<group>"; };
		2491AC890EDA375100B1ECDB /* TiDocument.h */ = {isa = PBXFileReference; fileEncoding = 4; lastKnownFileType = sourcecode.c.h; name = TiDocument.h; path = src/TiDocument.h; sourceTree = "<group>"; };
		2491AC8A0EDA375100B1ECDB /* TiDocument.m */ = {isa = PBXFileReference; fileEncoding = 4; lastKnownFileType = sourcecode.c.objc; name = TiDocument.m; path = src/TiDocument.m; sourceTree = "<group>"; };
		2491AC8D0EDA375E00B1ECDB /* main.m */ = {isa = PBXFileReference; fileEncoding = 4; lastKnownFileType = sourcecode.c.objc; name = main.m; path = src/main.m; sourceTree = "<group>"; };
		2491AC8F0EDA377400B1ECDB /* titanium.icns */ = {isa = PBXFileReference; lastKnownFileType = image.icns; name = titanium.icns; path = res/titanium.icns; sourceTree = "<group>"; };
		2491AC900EDA377400B1ECDB /* titanium_poweredby.png */ = {isa = PBXFileReference; lastKnownFileType = image.png; name = titanium_poweredby.png; path = res/titanium_poweredby.png; sourceTree = "<group>"; };
		2491AC940EDA377E00B1ECDB /* English */ = {isa = PBXFileReference; fileEncoding = 4; lastKnownFileType = text.plist.strings; name = English; path = English.lproj/InfoPlist.strings; sourceTree = "<group>"; };
		2491AC960EDA377E00B1ECDB /* English */ = {isa = PBXFileReference; lastKnownFileType = file.xib; name = English; path = English.lproj/JavaScriptPromptWindow.xib; sourceTree = "<group>"; };
		2491AC980EDA377E00B1ECDB /* English */ = {isa = PBXFileReference; lastKnownFileType = file.xib; name = English; path = English.lproj/MainMenu.xib; sourceTree = "<group>"; };
		2491AC9A0EDA377E00B1ECDB /* English */ = {isa = PBXFileReference; lastKnownFileType = file.xib; name = English; path = English.lproj/SplashWindow.xib; sourceTree = "<group>"; };
		2491AC9C0EDA377E00B1ECDB /* English */ = {isa = PBXFileReference; lastKnownFileType = file.xib; name = English; path = English.lproj/TiDocument.xib; sourceTree = "<group>"; };
		2497036D0EDA9A4B0024252C /* WebDashboardRegion.h */ = {isa = PBXFileReference; fileEncoding = 4; lastKnownFileType = sourcecode.c.h; name = WebDashboardRegion.h; path = src/WebDashboardRegion.h; sourceTree = "<group>"; };
		2497036E0EDA9A4B0024252C /* WebFramePrivate.h */ = {isa = PBXFileReference; fileEncoding = 4; lastKnownFileType = sourcecode.c.h; name = WebFramePrivate.h; path = src/WebFramePrivate.h; sourceTree = "<group>"; };
		2497036F0EDA9A4B0024252C /* WebInspector.h */ = {isa = PBXFileReference; fileEncoding = 4; lastKnownFileType = sourcecode.c.h; name = WebInspector.h; path = src/WebInspector.h; sourceTree = "<group>"; };
		249703700EDA9A4B0024252C /* WebViewPrivate.h */ = {isa = PBXFileReference; fileEncoding = 4; lastKnownFileType = sourcecode.c.h; name = WebViewPrivate.h; path = src/WebViewPrivate.h; sourceTree = "<group>"; };
		249704220EDAA2950024252C /* index.html */ = {isa = PBXFileReference; fileEncoding = 4; lastKnownFileType = text.html; name = index.html; path = res/index.html; sourceTree = "<group>"; };
		2497073B0EDBD07B0024252C /* WebViewInternal.h */ = {isa = PBXFileReference; fileEncoding = 4; lastKnownFileType = sourcecode.c.h; name = WebViewInternal.h; path = src/WebViewInternal.h; sourceTree = "<group>"; };
		249708AE0EDCD8BC0024252C /* DefaultValues.plist */ = {isa = PBXFileReference; fileEncoding = 4; lastKnownFileType = text.plist.xml; name = DefaultValues.plist; path = res/DefaultValues.plist; sourceTree = "<group>"; };
		24D022050EDA75EF005E15AE /* TiApp.h */ = {isa = PBXFileReference; fileEncoding = 4; lastKnownFileType = sourcecode.c.h; name = TiApp.h; path = src/TiApp.h; sourceTree = "<group>"; };
		24D022060EDA75EF005E15AE /* TiApp.m */ = {isa = PBXFileReference; fileEncoding = 4; lastKnownFileType = sourcecode.c.objc; name = TiApp.m; path = src/TiApp.m; sourceTree = "<group>"; };
		24D022070EDA75EF005E15AE /* TiMenuFactory.h */ = {isa = PBXFileReference; fileEncoding = 4; lastKnownFileType = sourcecode.c.h; name = TiMenuFactory.h; path = src/TiMenuFactory.h; sourceTree = "<group>"; };
		24D022080EDA75EF005E15AE /* TiMenuFactory.m */ = {isa = PBXFileReference; fileEncoding = 4; lastKnownFileType = sourcecode.c.objc; name = TiMenuFactory.m; path = src/TiMenuFactory.m; sourceTree = "<group>"; };
		24D022090EDA75EF005E15AE /* TiObject.h */ = {isa = PBXFileReference; fileEncoding = 4; lastKnownFileType = sourcecode.c.h; name = TiObject.h; path = src/TiObject.h; sourceTree = "<group>"; };
		24D0220A0EDA75EF005E15AE /* TiObject.m */ = {isa = PBXFileReference; fileEncoding = 4; lastKnownFileType = sourcecode.c.objc; name = TiObject.m; path = src/TiObject.m; sourceTree = "<group>"; };
		24D0220B0EDA75EF005E15AE /* TiSystemDock.h */ = {isa = PBXFileReference; fileEncoding = 4; lastKnownFileType = sourcecode.c.h; name = TiSystemDock.h; path = src/TiSystemDock.h; sourceTree = "<group>"; };
		24D0220C0EDA75EF005E15AE /* TiSystemDock.m */ = {isa = PBXFileReference; fileEncoding = 4; lastKnownFileType = sourcecode.c.objc; name = TiSystemDock.m; path = src/TiSystemDock.m; sourceTree = "<group>"; };
		24D0220D0EDA75EF005E15AE /* TiSystemMenu.h */ = {isa = PBXFileReference; fileEncoding = 4; lastKnownFileType = sourcecode.c.h; name = TiSystemMenu.h; path = src/TiSystemMenu.h; sourceTree = "<group>"; };
		24D0220E0EDA75EF005E15AE /* TiSystemMenu.m */ = {isa = PBXFileReference; fileEncoding = 4; lastKnownFileType = sourcecode.c.objc; name = TiSystemMenu.m; path = src/TiSystemMenu.m; sourceTree = "<group>"; };
		24D0220F0EDA75EF005E15AE /* TiUserMenu.h */ = {isa = PBXFileReference; fileEncoding = 4; lastKnownFileType = sourcecode.c.h; name = TiUserMenu.h; path = src/TiUserMenu.h; sourceTree = "<group>"; };
		24D022100EDA75EF005E15AE /* TiUserMenu.m */ = {isa = PBXFileReference; fileEncoding = 4; lastKnownFileType = sourcecode.c.objc; name = TiUserMenu.m; path = src/TiUserMenu.m; sourceTree = "<group>"; };
		24D0222B0EDA76D7005E15AE /* TiMenuAction.h */ = {isa = PBXFileReference; fileEncoding = 4; lastKnownFileType = sourcecode.c.h; name = TiMenuAction.h; path = src/TiMenuAction.h; sourceTree = "<group>"; };
		24D0222C0EDA76D7005E15AE /* TiMenuAction.m */ = {isa = PBXFileReference; fileEncoding = 4; lastKnownFileType = sourcecode.c.objc; name = TiMenuAction.m; path = src/TiMenuAction.m; sourceTree = "<group>"; };
		24D022500EDA794C005E15AE /* TiWindowFactory.h */ = {isa = PBXFileReference; fileEncoding = 4; lastKnownFileType = sourcecode.c.h; name = TiWindowFactory.h; path = src/TiWindowFactory.h; sourceTree = "<group>"; };
		24D022510EDA794C005E15AE /* TiWindowFactory.m */ = {isa = PBXFileReference; fileEncoding = 4; lastKnownFileType = sourcecode.c.objc; name = TiWindowFactory.m; path = src/TiWindowFactory.m; sourceTree = "<group>"; };
		24D022560EDA7989005E15AE /* TiUserWindow.h */ = {isa = PBXFileReference; fileEncoding = 4; lastKnownFileType = sourcecode.c.h; name = TiUserWindow.h; path = src/TiUserWindow.h; sourceTree = "<group>"; };
		24D022570EDA7989005E15AE /* TiUserWindow.m */ = {isa = PBXFileReference; fileEncoding = 4; lastKnownFileType = sourcecode.c.objc; name = TiUserWindow.m; path = src/TiUserWindow.m; sourceTree = "<group>"; };
		24D022DD0EDA7DD0005E15AE /* AppProtocol.h */ = {isa = PBXFileReference; fileEncoding = 4; lastKnownFileType = sourcecode.c.h; name = AppProtocol.h; path = src/AppProtocol.h; sourceTree = "<group>"; };
		24D022DE0EDA7DD0005E15AE /* AppProtocol.m */ = {isa = PBXFileReference; fileEncoding = 4; lastKnownFileType = sourcecode.c.objc; name = AppProtocol.m; path = src/AppProtocol.m; sourceTree = "<group>"; };
		24D022DF0EDA7DD0005E15AE /* TiProtocol.h */ = {isa = PBXFileReference; fileEncoding = 4; lastKnownFileType = sourcecode.c.h; name = TiProtocol.h; path = src/TiProtocol.h; sourceTree = "<group>"; };
		24D022E00EDA7DD0005E15AE /* TiProtocol.m */ = {isa = PBXFileReference; fileEncoding = 4; lastKnownFileType = sourcecode.c.objc; name = TiProtocol.m; path = src/TiProtocol.m; sourceTree = "<group>"; };
		24D024520EDA9573005E15AE /* AppKit.framework */ = {isa = PBXFileReference; lastKnownFileType = wrapper.framework; name = AppKit.framework; path = /System/Library/Frameworks/AppKit.framework; sourceTree = "<absolute>"; };
		24D024560EDA9590005E15AE /* Foundation.framework */ = {isa = PBXFileReference; lastKnownFileType = wrapper.framework; name = Foundation.framework; path = /System/Library/Frameworks/Foundation.framework; sourceTree = "<absolute>"; };
		32CA4F630368D1EE00C91783 /* Titanium_Prefix.pch */ = {isa = PBXFileReference; fileEncoding = 4; lastKnownFileType = sourcecode.c.h; path = Titanium_Prefix.pch; sourceTree = "<group>"; };
		834B13810795DD1F00E4BF6C /* WebKit.framework */ = {isa = PBXFileReference; lastKnownFileType = wrapper.framework; name = WebKit.framework; path = /System/Library/Frameworks/WebKit.framework; sourceTree = "<absolute>"; };
		8D1107320486CEB800E47090 /* Titanium.app */ = {isa = PBXFileReference; explicitFileType = wrapper.application; includeInIndex = 0; path = Titanium.app; sourceTree = BUILT_PRODUCTS_DIR; };
/* End PBXFileReference section */

/* Begin PBXFrameworksBuildPhase section */
		8D11072E0486CEB800E47090 /* Frameworks */ = {
			isa = PBXFrameworksBuildPhase;
			buildActionMask = 2147483647;
			files = (
				8D11072F0486CEB800E47090 /* Cocoa.framework in Frameworks */,
				834B13820795DD1F00E4BF6C /* WebKit.framework in Frameworks */,
				24D024530EDA9573005E15AE /* AppKit.framework in Frameworks */,
				24D024570EDA9590005E15AE /* Foundation.framework in Frameworks */,
			);
			runOnlyForDeploymentPostprocessing = 0;
		};
/* End PBXFrameworksBuildPhase section */

/* Begin PBXGroup section */
		080E96DDFE201D6D7F000001 /* Classes */ = {
			isa = PBXGroup;
			children = (
				249703CF0EDA9D290024252C /* Windows */,
				249703BE0EDA9CCD0024252C /* Javascript */,
				249703BD0EDA9CC70024252C /* URL */,
				2427BC720EDA6DCC007098CC /* Ti.h */,
				2427BA720EDA4654007098CC /* TiAppArguments.h */,
				2427BA730EDA4654007098CC /* TiAppArguments.m */,
				2491AC870EDA375100B1ECDB /* TiController.h */,
				2491AC880EDA375100B1ECDB /* TiController.m */,
				2491AC890EDA375100B1ECDB /* TiDocument.h */,
				2491AC8A0EDA375100B1ECDB /* TiDocument.m */,
			);
			name = Classes;
			sourceTree = "<group>";
		};
		19C28FACFE9D520D11CA2CBB /* Products */ = {
			isa = PBXGroup;
			children = (
				8D1107320486CEB800E47090 /* Titanium.app */,
			);
			name = Products;
			sourceTree = "<group>";
		};
		2497036C0EDA9A380024252C /* WebKit */ = {
			isa = PBXGroup;
			children = (
				2497073B0EDBD07B0024252C /* WebViewInternal.h */,
				2497036D0EDA9A4B0024252C /* WebDashboardRegion.h */,
				2497036E0EDA9A4B0024252C /* WebFramePrivate.h */,
				2497036F0EDA9A4B0024252C /* WebInspector.h */,
				249703700EDA9A4B0024252C /* WebViewPrivate.h */,
			);
			name = WebKit;
			sourceTree = "<group>";
		};
		249703BD0EDA9CC70024252C /* URL */ = {
			isa = PBXGroup;
			children = (
				24D022DD0EDA7DD0005E15AE /* AppProtocol.h */,
				24D022DE0EDA7DD0005E15AE /* AppProtocol.m */,
				24D022DF0EDA7DD0005E15AE /* TiProtocol.h */,
				24D022E00EDA7DD0005E15AE /* TiProtocol.m */,
			);
			name = URL;
			sourceTree = "<group>";
		};
		249703BE0EDA9CCD0024252C /* Javascript */ = {
			isa = PBXGroup;
			children = (
				246748220EDD2D6A00CE52E9 /* TiBounds.h */,
				246748230EDD2D6A00CE52E9 /* TiBounds.m */,
				2427BA920EDA478E007098CC /* TiWindowConfig.h */,
				2427BA930EDA478E007098CC /* TiWindowConfig.m */,
				24D022560EDA7989005E15AE /* TiUserWindow.h */,
				24D022570EDA7989005E15AE /* TiUserWindow.m */,
				24D022500EDA794C005E15AE /* TiWindowFactory.h */,
				24D022510EDA794C005E15AE /* TiWindowFactory.m */,
				24D0222B0EDA76D7005E15AE /* TiMenuAction.h */,
				24D0222C0EDA76D7005E15AE /* TiMenuAction.m */,
				24D022050EDA75EF005E15AE /* TiApp.h */,
				24D022060EDA75EF005E15AE /* TiApp.m */,
				24D022070EDA75EF005E15AE /* TiMenuFactory.h */,
				24D022080EDA75EF005E15AE /* TiMenuFactory.m */,
				24D022090EDA75EF005E15AE /* TiObject.h */,
				24D0220A0EDA75EF005E15AE /* TiObject.m */,
				24D0220B0EDA75EF005E15AE /* TiSystemDock.h */,
				24D0220C0EDA75EF005E15AE /* TiSystemDock.m */,
				24D0220D0EDA75EF005E15AE /* TiSystemMenu.h */,
				24D0220E0EDA75EF005E15AE /* TiSystemMenu.m */,
				24D0220F0EDA75EF005E15AE /* TiUserMenu.h */,
				24D022100EDA75EF005E15AE /* TiUserMenu.m */,
			);
			name = Javascript;
			sourceTree = "<group>";
		};
		249703CF0EDA9D290024252C /* Windows */ = {
			isa = PBXGroup;
			children = (
				2427BA380EDA4578007098CC /* TiSplashScreen.h */,
				2427BA390EDA4578007098CC /* TiSplashScreen.m */,
				2427B9FB0EDA42BF007098CC /* TiWindow.h */,
				2427B9FC0EDA42BF007098CC /* TiWindow.m */,
			);
			name = Windows;
			sourceTree = "<group>";
		};
		29B97314FDCFA39411CA2CEA /* Titanium */ = {
			isa = PBXGroup;
			children = (
				249704220EDAA2950024252C /* index.html */,
				080E96DDFE201D6D7F000001 /* Classes */,
				29B97315FDCFA39411CA2CEA /* Other Sources */,
				29B97317FDCFA39411CA2CEA /* Resources */,
				29B97323FDCFA39411CA2CEA /* Frameworks */,
				19C28FACFE9D520D11CA2CBB /* Products */,
			);
			name = Titanium;
			sourceTree = "<group>";
		};
		29B97315FDCFA39411CA2CEA /* Other Sources */ = {
			isa = PBXGroup;
			children = (
				2497036C0EDA9A380024252C /* WebKit */,
				2491AC8D0EDA375E00B1ECDB /* main.m */,
				32CA4F630368D1EE00C91783 /* Titanium_Prefix.pch */,
			);
			name = "Other Sources";
			sourceTree = "<group>";
		};
		29B97317FDCFA39411CA2CEA /* Resources */ = {
			isa = PBXGroup;
			children = (
				24674E5F0EE20E5800CE52E9 /* aid */,
				24674DCE0EE2012C00CE52E9 /* test.js */,
				24674AE50EE1D6C400CE52E9 /* test.html */,
				249708AE0EDCD8BC0024252C /* DefaultValues.plist */,
				2427BAF60EDA4C96007098CC /* tiapp.xml */,
				2491AC930EDA377E00B1ECDB /* InfoPlist.strings */,
				2491AC950EDA377E00B1ECDB /* JavaScriptPromptWindow.xib */,
				2491AC970EDA377E00B1ECDB /* MainMenu.xib */,
				2491AC990EDA377E00B1ECDB /* SplashWindow.xib */,
				2491AC9B0EDA377E00B1ECDB /* TiDocument.xib */,
				2491AC8F0EDA377400B1ECDB /* titanium.icns */,
				2491AC900EDA377400B1ECDB /* titanium_poweredby.png */,
			);
			name = Resources;
			sourceTree = "<group>";
		};
		29B97323FDCFA39411CA2CEA /* Frameworks */ = {
			isa = PBXGroup;
			children = (
				24D024560EDA9590005E15AE /* Foundation.framework */,
				24D024520EDA9573005E15AE /* AppKit.framework */,
				834B13810795DD1F00E4BF6C /* WebKit.framework */,
				1058C7A1FEA54F0111CA2CBB /* Cocoa.framework */,
			);
			name = Frameworks;
			sourceTree = "<group>";
		};
/* End PBXGroup section */

/* Begin PBXNativeTarget section */
		8D1107260486CEB800E47090 /* Titanium */ = {
			isa = PBXNativeTarget;
			buildConfigurationList = 149C297908902C52008A9EFC /* Build configuration list for PBXNativeTarget "Titanium" */;
			buildPhases = (
				8D1107290486CEB800E47090 /* Resources */,
				8D11072C0486CEB800E47090 /* Sources */,
				8D11072E0486CEB800E47090 /* Frameworks */,
				2491ACCD0EDA388100B1ECDB /* CopyFiles */,
				249704150EDAA2210024252C /* ShellScript */,
			);
			buildRules = (
			);
			dependencies = (
			);
			name = Titanium;
			productInstallPath = "$(HOME)/Applications";
			productName = Titanium;
			productReference = 8D1107320486CEB800E47090 /* Titanium.app */;
			productType = "com.apple.product-type.application";
		};
/* End PBXNativeTarget section */

/* Begin PBXProject section */
		29B97313FDCFA39411CA2CEA /* Project object */ = {
			isa = PBXProject;
			buildConfigurationList = 149C297D08902C52008A9EFC /* Build configuration list for PBXProject "Titanium" */;
			compatibilityVersion = "Xcode 3.1";
			hasScannedForEncodings = 1;
			mainGroup = 29B97314FDCFA39411CA2CEA /* Titanium */;
			projectDirPath = "";
			projectRoot = "";
			targets = (
				8D1107260486CEB800E47090 /* Titanium */,
			);
		};
/* End PBXProject section */

/* Begin PBXResourcesBuildPhase section */
		8D1107290486CEB800E47090 /* Resources */ = {
			isa = PBXResourcesBuildPhase;
			buildActionMask = 2147483647;
			files = (
				24674E600EE20E5800CE52E9 /* aid in Resources */,
				24674DDD0EE2028300CE52E9 /* test.js in Resources */,
				2491AC910EDA377400B1ECDB /* titanium.icns in Resources */,
				2491AC920EDA377400B1ECDB /* titanium_poweredby.png in Resources */,
				2491AC9D0EDA377E00B1ECDB /* InfoPlist.strings in Resources */,
				2491AC9E0EDA377E00B1ECDB /* JavaScriptPromptWindow.xib in Resources */,
				2491AC9F0EDA377E00B1ECDB /* MainMenu.xib in Resources */,
				2491ACA00EDA377E00B1ECDB /* SplashWindow.xib in Resources */,
				2491ACA10EDA377E00B1ECDB /* TiDocument.xib in Resources */,
				2427BAF70EDA4C96007098CC /* tiapp.xml in Resources */,
				249704230EDAA2950024252C /* index.html in Resources */,
				249708AF0EDCD8BC0024252C /* DefaultValues.plist in Resources */,
				24674AE60EE1D6C400CE52E9 /* test.html in Resources */,
			);
			runOnlyForDeploymentPostprocessing = 0;
		};
/* End PBXResourcesBuildPhase section */

/* Begin PBXShellScriptBuildPhase section */
		249704150EDAA2210024252C /* ShellScript */ = {
			isa = PBXShellScriptBuildPhase;
			buildActionMask = 2147483647;
			files = (
			);
			inputPaths = (
			);
			outputPaths = (
			);
			runOnlyForDeploymentPostprocessing = 0;
			shellPath = /bin/sh;
			shellScript = "ruby ./script/build.rb";
		};
/* End PBXShellScriptBuildPhase section */

/* Begin PBXSourcesBuildPhase section */
		8D11072C0486CEB800E47090 /* Sources */ = {
			isa = PBXSourcesBuildPhase;
			buildActionMask = 2147483647;
			files = (
				2491AC8B0EDA375100B1ECDB /* TiController.m in Sources */,
				2491AC8C0EDA375100B1ECDB /* TiDocument.m in Sources */,
				2491AC8E0EDA375E00B1ECDB /* main.m in Sources */,
				2427B9FD0EDA42BF007098CC /* TiWindow.m in Sources */,
				2427BA3A0EDA4578007098CC /* TiSplashScreen.m in Sources */,
				2427BA740EDA4654007098CC /* TiAppArguments.m in Sources */,
				2427BA940EDA478E007098CC /* TiWindowConfig.m in Sources */,
				24D022150EDA75EF005E15AE /* TiApp.m in Sources */,
				24D022160EDA75EF005E15AE /* TiMenuFactory.m in Sources */,
				24D022170EDA75EF005E15AE /* TiObject.m in Sources */,
				24D022180EDA75EF005E15AE /* TiSystemDock.m in Sources */,
				24D022190EDA75EF005E15AE /* TiSystemMenu.m in Sources */,
				24D0221A0EDA75EF005E15AE /* TiUserMenu.m in Sources */,
				24D0222D0EDA76D7005E15AE /* TiMenuAction.m in Sources */,
				24D022520EDA794C005E15AE /* TiWindowFactory.m in Sources */,
				24D022580EDA7989005E15AE /* TiUserWindow.m in Sources */,
				24D022E10EDA7DD0005E15AE /* AppProtocol.m in Sources */,
				24D022E20EDA7DD0005E15AE /* TiProtocol.m in Sources */,
				246748240EDD2D6A00CE52E9 /* TiBounds.m in Sources */,
				24674DCF0EE2012C00CE52E9 /* test.js in Sources */,
			);
			runOnlyForDeploymentPostprocessing = 0;
		};
/* End PBXSourcesBuildPhase section */

/* Begin PBXVariantGroup section */
		2491AC930EDA377E00B1ECDB /* InfoPlist.strings */ = {
			isa = PBXVariantGroup;
			children = (
				2491AC940EDA377E00B1ECDB /* English */,
			);
			name = InfoPlist.strings;
			sourceTree = "<group>";
		};
		2491AC950EDA377E00B1ECDB /* JavaScriptPromptWindow.xib */ = {
			isa = PBXVariantGroup;
			children = (
				2491AC960EDA377E00B1ECDB /* English */,
			);
			name = JavaScriptPromptWindow.xib;
			sourceTree = "<group>";
		};
		2491AC970EDA377E00B1ECDB /* MainMenu.xib */ = {
			isa = PBXVariantGroup;
			children = (
				2491AC980EDA377E00B1ECDB /* English */,
			);
			name = MainMenu.xib;
			sourceTree = "<group>";
		};
		2491AC990EDA377E00B1ECDB /* SplashWindow.xib */ = {
			isa = PBXVariantGroup;
			children = (
				2491AC9A0EDA377E00B1ECDB /* English */,
			);
			name = SplashWindow.xib;
			sourceTree = "<group>";
		};
		2491AC9B0EDA377E00B1ECDB /* TiDocument.xib */ = {
			isa = PBXVariantGroup;
			children = (
				2491AC9C0EDA377E00B1ECDB /* English */,
			);
			name = TiDocument.xib;
			sourceTree = "<group>";
		};
/* End PBXVariantGroup section */

/* Begin XCBuildConfiguration section */
		149C297A08902C52008A9EFC /* Debug */ = {
			isa = XCBuildConfiguration;
			buildSettings = {
				ALWAYS_SEARCH_USER_PATHS = NO;
				COPY_PHASE_STRIP = NO;
				GCC_DYNAMIC_NO_PIC = NO;
				GCC_ENABLE_FIX_AND_CONTINUE = YES;
				GCC_MODEL_TUNING = G5;
				GCC_OPTIMIZATION_LEVEL = 0;
				GCC_PRECOMPILE_PREFIX_HEADER = YES;
				GCC_PREFIX_HEADER = Titanium_Prefix.pch;
				GCC_TREAT_IMPLICIT_FUNCTION_DECLARATIONS_AS_ERRORS = NO;
				GCC_TREAT_WARNINGS_AS_ERRORS = NO;
				GCC_WARN_UNUSED_PARAMETER = NO;
				GCC_WARN_UNUSED_VALUE = YES;
				INFOPLIST_FILE = Info.plist;
				INSTALL_PATH = "$(HOME)/Applications";
				PRODUCT_NAME = Titanium;
			};
			name = Debug;
		};
		149C297B08902C52008A9EFC /* Release */ = {
			isa = XCBuildConfiguration;
			buildSettings = {
				ALWAYS_SEARCH_USER_PATHS = NO;
				DEBUG_INFORMATION_FORMAT = "dwarf-with-dsym";
				GCC_MODEL_TUNING = G5;
				GCC_PRECOMPILE_PREFIX_HEADER = YES;
				GCC_PREFIX_HEADER = Titanium_Prefix.pch;
				GCC_TREAT_IMPLICIT_FUNCTION_DECLARATIONS_AS_ERRORS = NO;
				GCC_TREAT_WARNINGS_AS_ERRORS = NO;
				GCC_WARN_UNUSED_PARAMETER = NO;
				GCC_WARN_UNUSED_VALUE = YES;
				INFOPLIST_FILE = Info.plist;
				INSTALL_PATH = "$(HOME)/Applications";
				PRODUCT_NAME = Titanium;
			};
			name = Release;
		};
		149C297E08902C52008A9EFC /* Debug */ = {
			isa = XCBuildConfiguration;
			buildSettings = {
				ARCHS = "$(ARCHS_STANDARD_32_BIT)";
				GCC_C_LANGUAGE_STANDARD = c99;
				GCC_OPTIMIZATION_LEVEL = s;
				GCC_WARN_ABOUT_RETURN_TYPE = YES;
				GCC_WARN_ALLOW_INCOMPLETE_PROTOCOL = YES;
				GCC_WARN_UNUSED_VARIABLE = YES;
				ONLY_ACTIVE_ARCH = YES;
				OTHER_CFLAGS = "-DDEBUG";
				PREBINDING = NO;
				SDKROOT = macosx10.5;
			};
			name = Debug;
		};
		149C297F08902C52008A9EFC /* Release */ = {
			isa = XCBuildConfiguration;
			buildSettings = {
				ARCHS = "$(ARCHS_STANDARD_32_BIT)";
				GCC_C_LANGUAGE_STANDARD = c99;
				GCC_OPTIMIZATION_LEVEL = s;
				GCC_WARN_ABOUT_RETURN_TYPE = YES;
				GCC_WARN_UNUSED_VARIABLE = YES;
				PREBINDING = NO;
				SDKROOT = macosx10.5;
			};
			name = Release;
		};
/* End XCBuildConfiguration section */

/* Begin XCConfigurationList section */
		149C297908902C52008A9EFC /* Build configuration list for PBXNativeTarget "Titanium" */ = {
			isa = XCConfigurationList;
			buildConfigurations = (
				149C297A08902C52008A9EFC /* Debug */,
				149C297B08902C52008A9EFC /* Release */,
			);
			defaultConfigurationIsVisible = 0;
			defaultConfigurationName = Release;
		};
		149C297D08902C52008A9EFC /* Build configuration list for PBXProject "Titanium" */ = {
			isa = XCConfigurationList;
			buildConfigurations = (
				149C297E08902C52008A9EFC /* Debug */,
				149C297F08902C52008A9EFC /* Release */,
			);
			defaultConfigurationIsVisible = 0;
			defaultConfigurationName = Release;
		};
/* End XCConfigurationList section */
	};
	rootObject = 29B97313FDCFA39411CA2CEA /* Project object */;
}
