// !$*UTF8*$!
{
	archiveVersion = 1;
	classes = {
	};
	objectVersion = 45;
	objects = {

/* Begin PBXBuildFile section */
		1DDD582C0DA1D0D100B32029 /* BrowserWindow.xib in Resources */ = {isa = PBXBuildFile; fileRef = 1DDD58280DA1D0D100B32029 /* BrowserWindow.xib */; };
		1DDD582D0DA1D0D100B32029 /* MainMenu.xib in Resources */ = {isa = PBXBuildFile; fileRef = 1DDD582A0DA1D0D100B32029 /* MainMenu.xib */; };
		8D15AC2C0486D014006FF6A4 /* Credits.rtf in Resources */ = {isa = PBXBuildFile; fileRef = 2A37F4B9FDCFA73011CA2CEA /* Credits.rtf */; };
		8D15AC2F0486D014006FF6A4 /* InfoPlist.strings in Resources */ = {isa = PBXBuildFile; fileRef = 089C165FFE840EACC02AAC07 /* InfoPlist.strings */; };
		8D15AC320486D014006FF6A4 /* main.m in Sources */ = {isa = PBXBuildFile; fileRef = 2A37F4B0FDCFA73011CA2CEA /* main.m */; settings = {ATTRIBUTES = (); }; };
		8D15AC340486D014006FF6A4 /* Cocoa.framework in Frameworks */ = {isa = PBXBuildFile; fileRef = 1058C7A7FEA54F5311CA2CBB /* Cocoa.framework */; };
		D31B34DA0EBBE8E7006F3012 /* TIBrowserWindowController.m in Sources */ = {isa = PBXBuildFile; fileRef = D31B34D90EBBE8E7006F3012 /* TIBrowserWindowController.m */; };
		D31B34DD0EBBE908006F3012 /* TIBrowserDocument.m in Sources */ = {isa = PBXBuildFile; fileRef = D31B34DC0EBBE908006F3012 /* TIBrowserDocument.m */; };
		D31B34E20EBBE9CD006F3012 /* WebKit.framework in Frameworks */ = {isa = PBXBuildFile; fileRef = D31B34E10EBBE9CD006F3012 /* WebKit.framework */; };
		D31B34F60EBBEB9E006F3012 /* TIAppDelegate.m in Sources */ = {isa = PBXBuildFile; fileRef = D31B34F50EBBEB9E006F3012 /* TIAppDelegate.m */; };
		D31B34FA0EBBED00006F3012 /* TIPreferencesWindowController.m in Sources */ = {isa = PBXBuildFile; fileRef = D31B34F90EBBED00006F3012 /* TIPreferencesWindowController.m */; };
		D31B35000EBBEE04006F3012 /* PreferencesWindow.xib in Resources */ = {isa = PBXBuildFile; fileRef = D31B34FE0EBBEE04006F3012 /* PreferencesWindow.xib */; };
		D31B35480EBBF093006F3012 /* TIJavaScriptObject.m in Sources */ = {isa = PBXBuildFile; fileRef = D31B35470EBBF093006F3012 /* TIJavaScriptObject.m */; };
		D31B36280EBC07C1006F3012 /* tiapp.xml in Resources */ = {isa = PBXBuildFile; fileRef = D31B36270EBC07C1006F3012 /* tiapp.xml */; };
		D31B36390EBC0832006F3012 /* index.html in Resources */ = {isa = PBXBuildFile; fileRef = D31B36380EBC0832006F3012 /* index.html */; };
		D31B36650EBC0946006F3012 /* appcelerator.icns in Resources */ = {isa = PBXBuildFile; fileRef = D31B36640EBC0946006F3012 /* appcelerator.icns */; };
		D31B38820EBCE51D006F3012 /* JavaScriptPromptWindow.xib in Resources */ = {isa = PBXBuildFile; fileRef = D31B38800EBCE51D006F3012 /* JavaScriptPromptWindow.xib */; };
		D31B38880EBCE61D006F3012 /* TIJavaScriptPromptWindowController.m in Sources */ = {isa = PBXBuildFile; fileRef = D31B38870EBCE61D006F3012 /* TIJavaScriptPromptWindowController.m */; };
		D31B3D230EBD7DF7006F3012 /* DefaultValues.plist in Resources */ = {isa = PBXBuildFile; fileRef = D31B3D220EBD7DF7006F3012 /* DefaultValues.plist */; };
		D31B3D3D0EBD8496006F3012 /* TIBrowserWindow.m in Sources */ = {isa = PBXBuildFile; fileRef = D31B3D3C0EBD8496006F3012 /* TIBrowserWindow.m */; };
		D31B3D830EBD8A1A006F3012 /* TIThemeFrame.m in Sources */ = {isa = PBXBuildFile; fileRef = D31B3D820EBD8A1A006F3012 /* TIThemeFrame.m */; };
		D31B3EF70EBE88B3006F3012 /* resizeIndicator.png in Resources */ = {isa = PBXBuildFile; fileRef = D31B3EF60EBE88B3006F3012 /* resizeIndicator.png */; };
/* End PBXBuildFile section */

/* Begin PBXFileReference section */
		089C1660FE840EACC02AAC07 /* English */ = {isa = PBXFileReference; fileEncoding = 10; lastKnownFileType = text.plist.strings; name = English; path = English.lproj/InfoPlist.strings; sourceTree = "<group>"; };
		1058C7A7FEA54F5311CA2CBB /* Cocoa.framework */ = {isa = PBXFileReference; lastKnownFileType = wrapper.framework; name = Cocoa.framework; path = /System/Library/Frameworks/Cocoa.framework; sourceTree = "<absolute>"; };
		13E42FBA07B3F13500E4EEF1 /* CoreData.framework */ = {isa = PBXFileReference; lastKnownFileType = wrapper.framework; name = CoreData.framework; path = /System/Library/Frameworks/CoreData.framework; sourceTree = "<absolute>"; };
		1DDD58290DA1D0D100B32029 /* English */ = {isa = PBXFileReference; lastKnownFileType = file.xib; name = English; path = English.lproj/BrowserWindow.xib; sourceTree = "<group>"; };
		1DDD582B0DA1D0D100B32029 /* English */ = {isa = PBXFileReference; lastKnownFileType = file.xib; name = English; path = English.lproj/MainMenu.xib; sourceTree = "<group>"; };
		2A37F4B0FDCFA73011CA2CEA /* main.m */ = {isa = PBXFileReference; fileEncoding = 4; lastKnownFileType = sourcecode.c.objc; path = main.m; sourceTree = "<group>"; };
		2A37F4BAFDCFA73011CA2CEA /* English */ = {isa = PBXFileReference; lastKnownFileType = text.rtf; name = English; path = English.lproj/Credits.rtf; sourceTree = "<group>"; };
		2A37F4C4FDCFA73011CA2CEA /* AppKit.framework */ = {isa = PBXFileReference; lastKnownFileType = wrapper.framework; name = AppKit.framework; path = /System/Library/Frameworks/AppKit.framework; sourceTree = "<absolute>"; };
		2A37F4C5FDCFA73011CA2CEA /* Foundation.framework */ = {isa = PBXFileReference; lastKnownFileType = wrapper.framework; name = Foundation.framework; path = /System/Library/Frameworks/Foundation.framework; sourceTree = "<absolute>"; };
		32DBCF750370BD2300C91783 /* Titanium_Prefix.pch */ = {isa = PBXFileReference; fileEncoding = 4; lastKnownFileType = sourcecode.c.h; path = Titanium_Prefix.pch; sourceTree = "<group>"; };
		8D15AC360486D014006FF6A4 /* Info.plist */ = {isa = PBXFileReference; fileEncoding = 4; lastKnownFileType = text.plist.xml; path = Info.plist; sourceTree = "<group>"; };
		8D15AC370486D014006FF6A4 /* Titanium.app */ = {isa = PBXFileReference; explicitFileType = wrapper.application; includeInIndex = 0; path = Titanium.app; sourceTree = BUILT_PRODUCTS_DIR; };
		D31B34D80EBBE8E7006F3012 /* TIBrowserWindowController.h */ = {isa = PBXFileReference; fileEncoding = 4; lastKnownFileType = sourcecode.c.h; name = TIBrowserWindowController.h; path = src/TIBrowserWindowController.h; sourceTree = "<group>"; };
		D31B34D90EBBE8E7006F3012 /* TIBrowserWindowController.m */ = {isa = PBXFileReference; fileEncoding = 4; lastKnownFileType = sourcecode.c.objc; name = TIBrowserWindowController.m; path = src/TIBrowserWindowController.m; sourceTree = "<group>"; };
		D31B34DB0EBBE908006F3012 /* TIBrowserDocument.h */ = {isa = PBXFileReference; fileEncoding = 4; lastKnownFileType = sourcecode.c.h; name = TIBrowserDocument.h; path = src/TIBrowserDocument.h; sourceTree = "<group>"; };
		D31B34DC0EBBE908006F3012 /* TIBrowserDocument.m */ = {isa = PBXFileReference; fileEncoding = 4; lastKnownFileType = sourcecode.c.objc; name = TIBrowserDocument.m; path = src/TIBrowserDocument.m; sourceTree = "<group>"; };
		D31B34E10EBBE9CD006F3012 /* WebKit.framework */ = {isa = PBXFileReference; lastKnownFileType = wrapper.framework; name = WebKit.framework; path = /System/Library/Frameworks/WebKit.framework; sourceTree = "<absolute>"; };
		D31B34F40EBBEB9E006F3012 /* TIAppDelegate.h */ = {isa = PBXFileReference; fileEncoding = 4; lastKnownFileType = sourcecode.c.h; name = TIAppDelegate.h; path = src/TIAppDelegate.h; sourceTree = "<group>"; };
		D31B34F50EBBEB9E006F3012 /* TIAppDelegate.m */ = {isa = PBXFileReference; fileEncoding = 4; lastKnownFileType = sourcecode.c.objc; name = TIAppDelegate.m; path = src/TIAppDelegate.m; sourceTree = "<group>"; };
		D31B34F80EBBED00006F3012 /* TIPreferencesWindowController.h */ = {isa = PBXFileReference; fileEncoding = 4; lastKnownFileType = sourcecode.c.h; name = TIPreferencesWindowController.h; path = src/TIPreferencesWindowController.h; sourceTree = "<group>"; };
		D31B34F90EBBED00006F3012 /* TIPreferencesWindowController.m */ = {isa = PBXFileReference; fileEncoding = 4; lastKnownFileType = sourcecode.c.objc; name = TIPreferencesWindowController.m; path = src/TIPreferencesWindowController.m; sourceTree = "<group>"; };
		D31B34FF0EBBEE04006F3012 /* English */ = {isa = PBXFileReference; lastKnownFileType = file.xib; name = English; path = English.lproj/PreferencesWindow.xib; sourceTree = "<group>"; };
		D31B35460EBBF093006F3012 /* TIJavaScriptObject.h */ = {isa = PBXFileReference; fileEncoding = 4; lastKnownFileType = sourcecode.c.h; name = TIJavaScriptObject.h; path = src/TIJavaScriptObject.h; sourceTree = "<group>"; };
		D31B35470EBBF093006F3012 /* TIJavaScriptObject.m */ = {isa = PBXFileReference; fileEncoding = 4; lastKnownFileType = sourcecode.c.objc; name = TIJavaScriptObject.m; path = src/TIJavaScriptObject.m; sourceTree = "<group>"; };
		D31B36270EBC07C1006F3012 /* tiapp.xml */ = {isa = PBXFileReference; fileEncoding = 4; lastKnownFileType = text.xml; name = tiapp.xml; path = res/tiapp.xml; sourceTree = "<group>"; };
		D31B36380EBC0832006F3012 /* index.html */ = {isa = PBXFileReference; fileEncoding = 4; lastKnownFileType = text.html; name = index.html; path = res/index.html; sourceTree = "<group>"; };
		D31B36640EBC0946006F3012 /* appcelerator.icns */ = {isa = PBXFileReference; lastKnownFileType = image.icns; name = appcelerator.icns; path = res/appcelerator.icns; sourceTree = "<group>"; };
		D31B38810EBCE51D006F3012 /* English */ = {isa = PBXFileReference; lastKnownFileType = file.xib; name = English; path = English.lproj/JavaScriptPromptWindow.xib; sourceTree = "<group>"; };
		D31B38860EBCE61D006F3012 /* TIJavaScriptPromptWindowController.h */ = {isa = PBXFileReference; fileEncoding = 4; lastKnownFileType = sourcecode.c.h; name = TIJavaScriptPromptWindowController.h; path = src/TIJavaScriptPromptWindowController.h; sourceTree = "<group>"; };
		D31B38870EBCE61D006F3012 /* TIJavaScriptPromptWindowController.m */ = {isa = PBXFileReference; fileEncoding = 4; lastKnownFileType = sourcecode.c.objc; name = TIJavaScriptPromptWindowController.m; path = src/TIJavaScriptPromptWindowController.m; sourceTree = "<group>"; };
		D31B3CDC0EBD71F5006F3012 /* WebInspector.h */ = {isa = PBXFileReference; fileEncoding = 4; lastKnownFileType = sourcecode.c.h; name = WebInspector.h; path = src/WebInspector.h; sourceTree = "<group>"; };
		D31B3CFA0EBD7530006F3012 /* WebViewPrivate.h */ = {isa = PBXFileReference; fileEncoding = 4; lastKnownFileType = sourcecode.c.h; name = WebViewPrivate.h; path = src/WebViewPrivate.h; sourceTree = "<group>"; };
		D31B3D070EBD757E006F3012 /* WebFramePrivate.h */ = {isa = PBXFileReference; fileEncoding = 4; lastKnownFileType = sourcecode.c.h; name = WebFramePrivate.h; path = src/WebFramePrivate.h; sourceTree = "<group>"; };
		D31B3D220EBD7DF7006F3012 /* DefaultValues.plist */ = {isa = PBXFileReference; fileEncoding = 4; lastKnownFileType = text.plist.xml; name = DefaultValues.plist; path = res/DefaultValues.plist; sourceTree = "<group>"; };
		D31B3D3B0EBD8496006F3012 /* TIBrowserWindow.h */ = {isa = PBXFileReference; fileEncoding = 4; lastKnownFileType = sourcecode.c.h; name = TIBrowserWindow.h; path = src/TIBrowserWindow.h; sourceTree = "<group>"; };
		D31B3D3C0EBD8496006F3012 /* TIBrowserWindow.m */ = {isa = PBXFileReference; fileEncoding = 4; lastKnownFileType = sourcecode.c.objc; name = TIBrowserWindow.m; path = src/TIBrowserWindow.m; sourceTree = "<group>"; };
		D31B3D7D0EBD89F4006F3012 /* NSFrameView.h */ = {isa = PBXFileReference; fileEncoding = 4; lastKnownFileType = sourcecode.c.h; name = NSFrameView.h; path = src/NSFrameView.h; sourceTree = "<group>"; };
		D31B3D7E0EBD89F4006F3012 /* NSThemeFrame.h */ = {isa = PBXFileReference; fileEncoding = 4; lastKnownFileType = sourcecode.c.h; name = NSThemeFrame.h; path = src/NSThemeFrame.h; sourceTree = "<group>"; };
		D31B3D7F0EBD89F4006F3012 /* NSTitledFrame.h */ = {isa = PBXFileReference; fileEncoding = 4; lastKnownFileType = sourcecode.c.h; name = NSTitledFrame.h; path = src/NSTitledFrame.h; sourceTree = "<group>"; };
		D31B3D810EBD8A1A006F3012 /* TIThemeFrame.h */ = {isa = PBXFileReference; fileEncoding = 4; lastKnownFileType = sourcecode.c.h; name = TIThemeFrame.h; path = src/TIThemeFrame.h; sourceTree = "<group>"; };
		D31B3D820EBD8A1A006F3012 /* TIThemeFrame.m */ = {isa = PBXFileReference; fileEncoding = 4; lastKnownFileType = sourcecode.c.objc; name = TIThemeFrame.m; path = src/TIThemeFrame.m; sourceTree = "<group>"; };
		D31B3DCB0EBD8E7D006F3012 /* WebDashboardRegion.h */ = {isa = PBXFileReference; fileEncoding = 4; lastKnownFileType = sourcecode.c.h; name = WebDashboardRegion.h; path = src/WebDashboardRegion.h; sourceTree = "<group>"; };
		D31B3EF60EBE88B3006F3012 /* resizeIndicator.png */ = {isa = PBXFileReference; lastKnownFileType = image.png; name = resizeIndicator.png; path = res/resizeIndicator.png; sourceTree = "<group>"; };
/* End PBXFileReference section */

/* Begin PBXFrameworksBuildPhase section */
		8D15AC330486D014006FF6A4 /* Frameworks */ = {
			isa = PBXFrameworksBuildPhase;
			buildActionMask = 2147483647;
			files = (
				8D15AC340486D014006FF6A4 /* Cocoa.framework in Frameworks */,
				D31B34E20EBBE9CD006F3012 /* WebKit.framework in Frameworks */,
			);
			runOnlyForDeploymentPostprocessing = 0;
		};
/* End PBXFrameworksBuildPhase section */

/* Begin PBXGroup section */
		1058C7A6FEA54F5311CA2CBB /* Linked Frameworks */ = {
			isa = PBXGroup;
			children = (
				D31B34E10EBBE9CD006F3012 /* WebKit.framework */,
				1058C7A7FEA54F5311CA2CBB /* Cocoa.framework */,
			);
			name = "Linked Frameworks";
			sourceTree = "<group>";
		};
		1058C7A8FEA54F5311CA2CBB /* Other Frameworks */ = {
			isa = PBXGroup;
			children = (
				2A37F4C4FDCFA73011CA2CEA /* AppKit.framework */,
				13E42FBA07B3F13500E4EEF1 /* CoreData.framework */,
				2A37F4C5FDCFA73011CA2CEA /* Foundation.framework */,
			);
			name = "Other Frameworks";
			sourceTree = "<group>";
		};
		19C28FB0FE9D524F11CA2CBB /* Products */ = {
			isa = PBXGroup;
			children = (
				8D15AC370486D014006FF6A4 /* Titanium.app */,
			);
			name = Products;
			sourceTree = "<group>";
		};
		2A37F4AAFDCFA73011CA2CEA /* Titanium */ = {
			isa = PBXGroup;
			children = (
				2A37F4ABFDCFA73011CA2CEA /* Classes */,
				2A37F4AFFDCFA73011CA2CEA /* Other Sources */,
				2A37F4B8FDCFA73011CA2CEA /* Resources */,
				2A37F4C3FDCFA73011CA2CEA /* Frameworks */,
				19C28FB0FE9D524F11CA2CBB /* Products */,
			);
			name = Titanium;
			sourceTree = "<group>";
		};
		2A37F4ABFDCFA73011CA2CEA /* Classes */ = {
			isa = PBXGroup;
			children = (
				D31B34F40EBBEB9E006F3012 /* TIAppDelegate.h */,
				D31B34F50EBBEB9E006F3012 /* TIAppDelegate.m */,
				D31B34DB0EBBE908006F3012 /* TIBrowserDocument.h */,
				D31B34DC0EBBE908006F3012 /* TIBrowserDocument.m */,
				D31B34D80EBBE8E7006F3012 /* TIBrowserWindowController.h */,
				D31B34D90EBBE8E7006F3012 /* TIBrowserWindowController.m */,
				D31B3D3B0EBD8496006F3012 /* TIBrowserWindow.h */,
				D31B3D3C0EBD8496006F3012 /* TIBrowserWindow.m */,
				D31B3D800EBD89FA006F3012 /* Themes */,
				D31B393E0EBCFA53006F3012 /* JavaScript Bridge */,
				D31B393D0EBCFA3A006F3012 /* Auxiliary Windows */,
				D31B3CDD0EBD71FA006F3012 /* WebKitPrivate */,
			);
			name = Classes;
			sourceTree = "<group>";
		};
		2A37F4AFFDCFA73011CA2CEA /* Other Sources */ = {
			isa = PBXGroup;
			children = (
				32DBCF750370BD2300C91783 /* Titanium_Prefix.pch */,
				2A37F4B0FDCFA73011CA2CEA /* main.m */,
			);
			name = "Other Sources";
			sourceTree = "<group>";
		};
		2A37F4B8FDCFA73011CA2CEA /* Resources */ = {
			isa = PBXGroup;
			children = (
				D31B3EF80EBE88B5006F3012 /* Images */,
				D31B36640EBC0946006F3012 /* appcelerator.icns */,
				2A37F4B9FDCFA73011CA2CEA /* Credits.rtf */,
				8D15AC360486D014006FF6A4 /* Info.plist */,
				089C165FFE840EACC02AAC07 /* InfoPlist.strings */,
				1DDD582A0DA1D0D100B32029 /* MainMenu.xib */,
				1DDD58280DA1D0D100B32029 /* BrowserWindow.xib */,
				D31B34FE0EBBEE04006F3012 /* PreferencesWindow.xib */,
				D31B38800EBCE51D006F3012 /* JavaScriptPromptWindow.xib */,
				D31B36270EBC07C1006F3012 /* tiapp.xml */,
				D31B36380EBC0832006F3012 /* index.html */,
				D31B3D220EBD7DF7006F3012 /* DefaultValues.plist */,
			);
			name = Resources;
			sourceTree = "<group>";
		};
		2A37F4C3FDCFA73011CA2CEA /* Frameworks */ = {
			isa = PBXGroup;
			children = (
				1058C7A6FEA54F5311CA2CBB /* Linked Frameworks */,
				1058C7A8FEA54F5311CA2CBB /* Other Frameworks */,
			);
			name = Frameworks;
			sourceTree = "<group>";
		};
		D31B393D0EBCFA3A006F3012 /* Auxiliary Windows */ = {
			isa = PBXGroup;
			children = (
				D31B34F80EBBED00006F3012 /* TIPreferencesWindowController.h */,
				D31B34F90EBBED00006F3012 /* TIPreferencesWindowController.m */,
				D31B38860EBCE61D006F3012 /* TIJavaScriptPromptWindowController.h */,
				D31B38870EBCE61D006F3012 /* TIJavaScriptPromptWindowController.m */,
			);
			name = "Auxiliary Windows";
			sourceTree = "<group>";
		};
		D31B393E0EBCFA53006F3012 /* JavaScript Bridge */ = {
			isa = PBXGroup;
			children = (
				D31B35460EBBF093006F3012 /* TIJavaScriptObject.h */,
				D31B35470EBBF093006F3012 /* TIJavaScriptObject.m */,
			);
			name = "JavaScript Bridge";
			sourceTree = "<group>";
		};
		D31B3CDD0EBD71FA006F3012 /* WebKitPrivate */ = {
			isa = PBXGroup;
			children = (
				D31B3CFA0EBD7530006F3012 /* WebViewPrivate.h */,
				D31B3D070EBD757E006F3012 /* WebFramePrivate.h */,
				D31B3CDC0EBD71F5006F3012 /* WebInspector.h */,
				D31B3DCB0EBD8E7D006F3012 /* WebDashboardRegion.h */,
			);
			name = WebKitPrivate;
			sourceTree = "<group>";
		};
		D31B3D800EBD89FA006F3012 /* Themes */ = {
			isa = PBXGroup;
			children = (
				D31B3D810EBD8A1A006F3012 /* TIThemeFrame.h */,
				D31B3D820EBD8A1A006F3012 /* TIThemeFrame.m */,
				D31B3D7D0EBD89F4006F3012 /* NSFrameView.h */,
				D31B3D7E0EBD89F4006F3012 /* NSThemeFrame.h */,
				D31B3D7F0EBD89F4006F3012 /* NSTitledFrame.h */,
			);
			name = Themes;
			sourceTree = "<group>";
		};
		D31B3EF80EBE88B5006F3012 /* Images */ = {
			isa = PBXGroup;
			children = (
				D31B3EF60EBE88B3006F3012 /* resizeIndicator.png */,
			);
			name = Images;
			sourceTree = "<group>";
		};
/* End PBXGroup section */

/* Begin PBXNativeTarget section */
		8D15AC270486D014006FF6A4 /* Titanium */ = {
			isa = PBXNativeTarget;
			buildConfigurationList = C05733C708A9546B00998B17 /* Build configuration list for PBXNativeTarget "Titanium" */;
			buildPhases = (
				8D15AC2B0486D014006FF6A4 /* Resources */,
				8D15AC300486D014006FF6A4 /* Sources */,
				8D15AC330486D014006FF6A4 /* Frameworks */,
			);
			buildRules = (
			);
			dependencies = (
			);
			name = Titanium;
			productInstallPath = "$(HOME)/Applications";
			productName = Titanium;
			productReference = 8D15AC370486D014006FF6A4 /* Titanium.app */;
			productType = "com.apple.product-type.application";
		};
/* End PBXNativeTarget section */

/* Begin PBXProject section */
		2A37F4A9FDCFA73011CA2CEA /* Project object */ = {
			isa = PBXProject;
			buildConfigurationList = C05733CB08A9546B00998B17 /* Build configuration list for PBXProject "Titanium" */;
			compatibilityVersion = "Xcode 3.1";
			hasScannedForEncodings = 1;
			mainGroup = 2A37F4AAFDCFA73011CA2CEA /* Titanium */;
			projectDirPath = "";
			projectRoot = "";
			targets = (
				8D15AC270486D014006FF6A4 /* Titanium */,
			);
		};
/* End PBXProject section */

/* Begin PBXResourcesBuildPhase section */
		8D15AC2B0486D014006FF6A4 /* Resources */ = {
			isa = PBXResourcesBuildPhase;
			buildActionMask = 2147483647;
			files = (
				8D15AC2C0486D014006FF6A4 /* Credits.rtf in Resources */,
				8D15AC2F0486D014006FF6A4 /* InfoPlist.strings in Resources */,
				1DDD582C0DA1D0D100B32029 /* BrowserWindow.xib in Resources */,
				1DDD582D0DA1D0D100B32029 /* MainMenu.xib in Resources */,
				D31B35000EBBEE04006F3012 /* PreferencesWindow.xib in Resources */,
				D31B36280EBC07C1006F3012 /* tiapp.xml in Resources */,
				D31B36390EBC0832006F3012 /* index.html in Resources */,
				D31B36650EBC0946006F3012 /* appcelerator.icns in Resources */,
				D31B38820EBCE51D006F3012 /* JavaScriptPromptWindow.xib in Resources */,
				D31B3D230EBD7DF7006F3012 /* DefaultValues.plist in Resources */,
				D31B3EF70EBE88B3006F3012 /* resizeIndicator.png in Resources */,
			);
			runOnlyForDeploymentPostprocessing = 0;
		};
/* End PBXResourcesBuildPhase section */

/* Begin PBXSourcesBuildPhase section */
		8D15AC300486D014006FF6A4 /* Sources */ = {
			isa = PBXSourcesBuildPhase;
			buildActionMask = 2147483647;
			files = (
				8D15AC320486D014006FF6A4 /* main.m in Sources */,
				D31B34DA0EBBE8E7006F3012 /* TIBrowserWindowController.m in Sources */,
				D31B34DD0EBBE908006F3012 /* TIBrowserDocument.m in Sources */,
				D31B34F60EBBEB9E006F3012 /* TIAppDelegate.m in Sources */,
				D31B34FA0EBBED00006F3012 /* TIPreferencesWindowController.m in Sources */,
				D31B35480EBBF093006F3012 /* TIJavaScriptObject.m in Sources */,
				D31B38880EBCE61D006F3012 /* TIJavaScriptPromptWindowController.m in Sources */,
				D31B3D3D0EBD8496006F3012 /* TIBrowserWindow.m in Sources */,
				D31B3D830EBD8A1A006F3012 /* TIThemeFrame.m in Sources */,
			);
			runOnlyForDeploymentPostprocessing = 0;
		};
/* End PBXSourcesBuildPhase section */

/* Begin PBXVariantGroup section */
		089C165FFE840EACC02AAC07 /* InfoPlist.strings */ = {
			isa = PBXVariantGroup;
			children = (
				089C1660FE840EACC02AAC07 /* English */,
			);
			name = InfoPlist.strings;
			sourceTree = "<group>";
		};
		1DDD58280DA1D0D100B32029 /* BrowserWindow.xib */ = {
			isa = PBXVariantGroup;
			children = (
				1DDD58290DA1D0D100B32029 /* English */,
			);
			name = BrowserWindow.xib;
			sourceTree = "<group>";
		};
		1DDD582A0DA1D0D100B32029 /* MainMenu.xib */ = {
			isa = PBXVariantGroup;
			children = (
				1DDD582B0DA1D0D100B32029 /* English */,
			);
			name = MainMenu.xib;
			sourceTree = "<group>";
		};
		2A37F4B9FDCFA73011CA2CEA /* Credits.rtf */ = {
			isa = PBXVariantGroup;
			children = (
				2A37F4BAFDCFA73011CA2CEA /* English */,
			);
			name = Credits.rtf;
			sourceTree = "<group>";
		};
		D31B34FE0EBBEE04006F3012 /* PreferencesWindow.xib */ = {
			isa = PBXVariantGroup;
			children = (
				D31B34FF0EBBEE04006F3012 /* English */,
			);
			name = PreferencesWindow.xib;
			sourceTree = "<group>";
		};
		D31B38800EBCE51D006F3012 /* JavaScriptPromptWindow.xib */ = {
			isa = PBXVariantGroup;
			children = (
				D31B38810EBCE51D006F3012 /* English */,
			);
			name = JavaScriptPromptWindow.xib;
			sourceTree = "<group>";
		};
/* End PBXVariantGroup section */

/* Begin XCBuildConfiguration section */
		C05733C808A9546B00998B17 /* Debug */ = {
			isa = XCBuildConfiguration;
			buildSettings = {
				ALWAYS_SEARCH_USER_PATHS = NO;
				COPY_PHASE_STRIP = NO;
				GCC_DYNAMIC_NO_PIC = NO;
				GCC_ENABLE_FIX_AND_CONTINUE = YES;
				GCC_MODEL_TUNING = G5;
				GCC_OPTIMIZATION_LEVEL = 0;
				GCC_PRECOMPILE_PREFIX_HEADER = YES;
				GCC_PREFIX_HEADER = Titanium_Prefix.pch;
				GCC_TREAT_IMPLICIT_FUNCTION_DECLARATIONS_AS_ERRORS = YES;
				GCC_TREAT_WARNINGS_AS_ERRORS = YES;
				GCC_WARN_UNUSED_PARAMETER = NO;
				GCC_WARN_UNUSED_VALUE = YES;
				INFOPLIST_FILE = Info.plist;
				INSTALL_PATH = "$(HOME)/Applications";
				PRODUCT_NAME = Titanium;
			};
			name = Debug;
		};
		C05733C908A9546B00998B17 /* Release */ = {
			isa = XCBuildConfiguration;
			buildSettings = {
				ALWAYS_SEARCH_USER_PATHS = NO;
				DEBUG_INFORMATION_FORMAT = "dwarf-with-dsym";
				GCC_MODEL_TUNING = G5;
				GCC_PRECOMPILE_PREFIX_HEADER = YES;
				GCC_PREFIX_HEADER = Titanium_Prefix.pch;
				GCC_TREAT_IMPLICIT_FUNCTION_DECLARATIONS_AS_ERRORS = YES;
				GCC_TREAT_WARNINGS_AS_ERRORS = YES;
				GCC_WARN_UNUSED_PARAMETER = NO;
				GCC_WARN_UNUSED_VALUE = YES;
				INFOPLIST_FILE = Info.plist;
				INSTALL_PATH = "$(HOME)/Applications";
				PRODUCT_NAME = Titanium;
			};
			name = Release;
		};
		C05733CC08A9546B00998B17 /* Debug */ = {
			isa = XCBuildConfiguration;
			buildSettings = {
				ARCHS = "$(ARCHS_STANDARD_32_BIT)";
				GCC_C_LANGUAGE_STANDARD = c99;
				GCC_OPTIMIZATION_LEVEL = 0;
				GCC_WARN_ABOUT_RETURN_TYPE = YES;
				GCC_WARN_UNUSED_VARIABLE = YES;
				ONLY_ACTIVE_ARCH = YES;
				PREBINDING = NO;
				SDKROOT = macosx10.5;
			};
			name = Debug;
		};
		C05733CD08A9546B00998B17 /* Release */ = {
			isa = XCBuildConfiguration;
			buildSettings = {
				ARCHS = "$(ARCHS_STANDARD_32_BIT)";
				GCC_C_LANGUAGE_STANDARD = c99;
				GCC_WARN_ABOUT_RETURN_TYPE = YES;
				GCC_WARN_UNUSED_VARIABLE = YES;
				PREBINDING = NO;
				SDKROOT = macosx10.5;
			};
			name = Release;
		};
/* End XCBuildConfiguration section */

/* Begin XCConfigurationList section */
		C05733C708A9546B00998B17 /* Build configuration list for PBXNativeTarget "Titanium" */ = {
			isa = XCConfigurationList;
			buildConfigurations = (
				C05733C808A9546B00998B17 /* Debug */,
				C05733C908A9546B00998B17 /* Release */,
			);
			defaultConfigurationIsVisible = 0;
			defaultConfigurationName = Release;
		};
		C05733CB08A9546B00998B17 /* Build configuration list for PBXProject "Titanium" */ = {
			isa = XCConfigurationList;
			buildConfigurations = (
				C05733CC08A9546B00998B17 /* Debug */,
				C05733CD08A9546B00998B17 /* Release */,
			);
			defaultConfigurationIsVisible = 0;
			defaultConfigurationName = Release;
		};
/* End XCConfigurationList section */
	};
	rootObject = 2A37F4A9FDCFA73011CA2CEA /* Project object */;
}
