
Microsoft Visual Studio Solution File, Format Version 9.00
# Visual Studio 2005
Project("{FAE04EC0-301F-11D3-BF4B-00C04F79EFBC}") = "Installer", "Installer.csproj", "{611D5583-E675-4F96-B7DC-97213BC93309}"
EndProject
Global
	GlobalSection(SolutionConfigurationPlatforms) = preSolution
		Debug|Any CPU = Debug|Any CPU
		Release|Any CPU = Release|Any CPU
		Description = Titanium Boot Installer
	EndGlobalSection
	GlobalSection(ProjectConfigurationPlatforms) = postSolution
		{611D5583-E675-4F96-B7DC-97213BC93309}.Debug|Any CPU.ActiveCfg = Debug|Any CPU
		{611D5583-E675-4F96-B7DC-97213BC93309}.Debug|Any CPU.Build.0 = Debug|Any CPU
		{611D5583-E675-4F96-B7DC-97213BC93309}.Release|Any CPU.ActiveCfg = Release|Any CPU
		{611D5583-E675-4F96-B7DC-97213BC93309}.Release|Any CPU.Build.0 = Release|Any CPU
	EndGlobalSection
	GlobalSection(SolutionProperties) = preSolution
		HideSolutionNode = FALSE
	EndGlobalSection
EndGlobal
