Microsoft Visual Studio Solution File, Format Version 8.00
Project("{8BC9CEB8-8B4A-11D0-8D11-00A0C91BC942}") = "bootstrap", "bootstrap\bootstrap.vcproj", "{AA7FFE70-AE0A-4BDA-A9B1-1B271B994BC9}"
	ProjectSection(ProjectDependencies) = postProject
	EndProjectSection
EndProject
Global
	GlobalSection(SolutionConfiguration) = preSolution
		Debug = Debug
		Release = Release
	EndGlobalSection
	GlobalSection(ProjectConfiguration) = postSolution
		{AA7FFE70-AE0A-4BDA-A9B1-1B271B994BC9}.Debug.ActiveCfg = Debug|Win32
		{AA7FFE70-AE0A-4BDA-A9B1-1B271B994BC9}.Debug.Build.0 = Debug|Win32
		{AA7FFE70-AE0A-4BDA-A9B1-1B271B994BC9}.Release.ActiveCfg = Release|Win32
		{AA7FFE70-AE0A-4BDA-A9B1-1B271B994BC9}.Release.Build.0 = Release|Win32
	EndGlobalSection
	GlobalSection(ExtensibilityGlobals) = postSolution
	EndGlobalSection
	GlobalSection(ExtensibilityAddIns) = postSolution
	EndGlobalSection
EndGlobal
